{
  "name": "k-life-skill",
  "version": "2.1.7",
  "lockfileVersion": 3,
  "requires": true,
  "packages": {
    "": {
      "name": "k-life-skill",
      "version": "2.1.7",
      "dependencies": {
        "@tetherto/wdk-wallet-evm": "1.0.0-beta.10",
        "ethers": "6.13.5",
        "shamirs-secret-sharing": "2.0.1"
      },
      "devDependencies": {},
      "engines": {
        "node": ">=18"
      }
    },
    "node_modules/@adraffy/ens-normalize": {
      "version": "1.10.1",
      "resolved": "https://registry.npmjs.org/@adraffy/ens-normalize/-/ens-normalize-1.10.1.tgz",
      "integrity": "sha512-96Z2IP3mYmF1Xg2cDm8f1gWGf/HUVedQ3FMifV4kG/PQ4yEP51xDtRAEfhVNt5f/uzpNkZHwWQuUcu6D6K+Ekw==",
      "license": "MIT"
    },
    "node_modules/@noble/curves": {
      "version": "1.9.2",
      "resolved": "https://registry.npmjs.org/@noble/curves/-/curves-1.9.2.tgz",
      "integrity": "sha512-HxngEd2XUcg9xi20JkwlLCtYwfoFw4JGkuZpT+WlsPD4gB/cxkvTD8fSsoAnphGZhFdZYKeQIPCuFlWPm1uE0g==",
      "license": "MIT",
      "dependencies": {
        "@noble/hashes": "1.8.0"
      },
      "engines": {
        "node": "^14.21.3 || >=16"
      },
      "funding": {
        "url": "https://paulmillr.com/funding/"
      }
    },
    "node_modules/@noble/hashes": {
      "version": "1.8.0",
      "resolved": "https://registry.npmjs.org/@noble/hashes/-/hashes-1.8.0.tgz",
      "integrity": "sha512-jCs9ldd7NwzpgXDIf6P3+NrHh9/sD6CQdxHyjQI+h/6rDNo88ypBxxz45UDuZHz9r3tNz7N/VInSVoVdtXEI4A==",
      "license": "MIT",
      "engines": {
        "node": "^14.21.3 || >=16"
      },
      "funding": {
        "url": "https://paulmillr.com/funding/"
      }
    },
    "node_modules/@noble/secp256k1": {
      "version": "2.2.3",
      "resolved": "https://registry.npmjs.org/@noble/secp256k1/-/secp256k1-2.2.3.tgz",
      "integrity": "sha512-l7r5oEQym9Us7EAigzg30/PQAvynhMt2uoYtT3t26eGDVm9Yii5mZ5jWSWmZ/oSIR2Et0xfc6DXrG0bZ787V3w==",
      "license": "MIT",
      "funding": {
        "url": "https://paulmillr.com/funding/"
      }
    },
    "node_modules/@tetherto/wdk-wallet": {
      "version": "1.0.0-beta.7",
      "resolved": "https://registry.npmjs.org/@tetherto/wdk-wallet/-/wdk-wallet-1.0.0-beta.7.tgz",
      "integrity": "sha512-QJJPhA+adCImQ/nMymmMeW4x0Ey65vEgWfoDjuXtdaD7LnFdCChFvZXcyDQUH3ghSTnve6MDutMmvfDIxhipVg==",
      "license": "Apache-2.0",
      "dependencies": {
        "bare-node-runtime": "^1.1.4",
        "bip39": "3.1.0"
      }
    },
    "node_modules/@tetherto/wdk-wallet-evm": {
      "version": "1.0.0-beta.10",
      "resolved": "https://registry.npmjs.org/@tetherto/wdk-wallet-evm/-/wdk-wallet-evm-1.0.0-beta.10.tgz",
      "integrity": "sha512-TkaTdcbc3vKH+eimtY8sUMyv+H1Gwcg2eltTyl49e1NP7pPmX2B4w5mOfVnBsCx5+r64UUHKOgJVZnS6oCT9aw==",
      "license": "Apache-2.0",
      "dependencies": {
        "@noble/curves": "1.9.2",
        "@noble/hashes": "1.8.0",
        "@noble/secp256k1": "2.2.3",
        "@tetherto/wdk-wallet": "1.0.0-beta.7",
        "bare-node-runtime": "^1.1.4",
        "bip39": "3.1.0",
        "ethers": "6.14.4",
        "sodium-universal": "5.0.1"
      }
    },
    "node_modules/@tetherto/wdk-wallet-evm/node_modules/ethers": {
      "version": "6.14.4",
      "resolved": "https://registry.npmjs.org/ethers/-/ethers-6.14.4.tgz",
      "integrity": "sha512-Jm/dzRs2Z9iBrT6e9TvGxyb5YVKAPLlpna7hjxH7KH/++DSh2T/JVmQUv7iHI5E55hDbp/gEVvstWYXVxXFzsA==",
      "funding": [
        {
          "type": "individual",
          "url": "https://github.com/sponsors/ethers-io/"
        },
        {
          "type": "individual",
          "url": "https://www.buymeacoffee.com/ricmoo"
        }
      ],
      "license": "MIT",
      "dependencies": {
        "@adraffy/ens-normalize": "1.10.1",
        "@noble/curves": "1.2.0",
        "@noble/hashes": "1.3.2",
        "@types/node": "22.7.5",
        "aes-js": "4.0.0-beta.5",
        "tslib": "2.7.0",
        "ws": "8.17.1"
      },
      "engines": {
        "node": ">=14.0.0"
      }
    },
    "node_modules/@tetherto/wdk-wallet-evm/node_modules/ethers/node_modules/@noble/curves": {
      "version": "1.2.0",
      "resolved": "https://registry.npmjs.org/@noble/curves/-/curves-1.2.0.tgz",
      "integrity": "sha512-oYclrNgRaM9SsBUBVbb8M6DTV7ZHRTKugureoYEncY5c65HOmRzvSiTE3y5CYaPYJA/GVkrhXEoF0M3Ya9PMnw==",
      "license": "MIT",
      "dependencies": {
        "@noble/hashes": "1.3.2"
      },
      "funding": {
        "url": "https://paulmillr.com/funding/"
      }
    },
    "node_modules/@tetherto/wdk-wallet-evm/node_modules/ethers/node_modules/@noble/hashes": {
      "version": "1.3.2",
      "resolved": "https://registry.npmjs.org/@noble/hashes/-/hashes-1.3.2.tgz",
      "integrity": "sha512-MVC8EAQp7MvEcm30KWENFjgR+Mkmf+D189XJTkFIlwohU5hcBbn1ZkKq7KVTi2Hme3PMGF390DaL52beVrIihQ==",
      "license": "MIT",
      "engines": {
        "node": ">= 16"
      },
      "funding": {
        "url": "https://paulmillr.com/funding/"
      }
    },
    "node_modules/@types/node": {
      "version": "22.7.5",
      "resolved": "https://registry.npmjs.org/@types/node/-/node-22.7.5.tgz",
      "integrity": "sha512-jML7s2NAzMWc//QSJ1a3prpk78cOPchGvXJsC3C6R6PSMoooztvRVQEz89gmBTBY1SPMaqo5teB4uNHPdetShQ==",
      "license": "MIT",
      "dependencies": {
        "undici-types": "~6.19.2"
      }
    },
    "node_modules/aes-js": {
      "version": "4.0.0-beta.5",
      "resolved": "https://registry.npmjs.org/aes-js/-/aes-js-4.0.0-beta.5.tgz",
      "integrity": "sha512-G965FqalsNyrPqgEGON7nIx1e/OVENSgiEIzyC63haUMuvNnwIgIjMs52hlTCKhkBny7A2ORNlfY9Zu+jmGk1Q==",
      "license": "MIT"
    },
    "node_modules/b4a": {
      "version": "1.8.0",
      "resolved": "https://registry.npmjs.org/b4a/-/b4a-1.8.0.tgz",
      "integrity": "sha512-qRuSmNSkGQaHwNbM7J78Wwy+ghLEYF1zNrSeMxj4Kgw6y33O3mXcQ6Ie9fRvfU/YnxWkOchPXbaLb73TkIsfdg==",
      "license": "Apache-2.0",
      "peerDependencies": {
        "react-native-b4a": "*"
      },
      "peerDependenciesMeta": {
        "react-native-b4a": {
          "optional": true
        }
      }
    },
    "node_modules/bare-abort": {
      "version": "2.0.13",
      "resolved": "https://registry.npmjs.org/bare-abort/-/bare-abort-2.0.13.tgz",
      "integrity": "sha512-zdc8l88eB11Jsz5rDd6sCAgv2kUFXgdrZWoMlgU6JMkfAi1/uuGFC3IEHswKbIRQTk5H3T5CMuechsXYxiaHlQ==",
      "license": "Apache-2.0"
    },
    "node_modules/bare-abort-controller": {
      "version": "1.1.1",
      "resolved": "https://registry.npmjs.org/bare-abort-controller/-/bare-abort-controller-1.1.1.tgz",
      "integrity": "sha512-A/3w+PHaGnjlrRcmBeuCk8v23SP35db1X6a5GOkTVSloVmMEWdVhhnlrJWzIvnLJh79ljhAFS1lvLRev09LCGg==",
      "license": "Apache-2.0",
      "dependencies": {
        "bare-events": "^2.7.0"
      }
    },
    "node_modules/bare-addon-resolve": {
      "version": "1.10.0",
      "resolved": "https://registry.npmjs.org/bare-addon-resolve/-/bare-addon-resolve-1.10.0.tgz",
      "integrity": "sha512-sSd0jieRJlDaODOzj0oe0RjFVC1QI0ZIjGIdPkbrTXsdVVtENg14c+lHHAhHwmWCZ2nQlMhy8jA3Y5LYPc/isA==",
      "license": "Apache-2.0",
      "dependencies": {
        "bare-module-resolve": "^1.10.0",
        "bare-semver": "^1.0.0"
      },
      "peerDependencies": {
        "bare-url": "*"
      },
      "peerDependenciesMeta": {
        "bare-url": {
          "optional": true
        }
      }
    },
    "node_modules/bare-ansi-escapes": {
      "version": "2.2.3",
      "resolved": "https://registry.npmjs.org/bare-ansi-escapes/-/bare-ansi-escapes-2.2.3.tgz",
      "integrity": "sha512-02ES4/E2RbrtZSnHJ9LntBhYkLA6lPpSEeP8iqS3MccBIVhVBlEmruF1I7HZqx5Q8aiTeYfQVeqmrU9YO2yYoQ==",
      "license": "Apache-2.0",
      "dependencies": {
        "bare-stream": "^2.6.5"
      },
      "peerDependencies": {
        "bare-buffer": "*"
      },
      "peerDependenciesMeta": {
        "bare-buffer": {
          "optional": true
        }
      }
    },
    "node_modules/bare-assert": {
      "version": "1.2.0",
      "resolved": "https://registry.npmjs.org/bare-assert/-/bare-assert-1.2.0.tgz",
      "integrity": "sha512-c6uvgvTJBspTDxtVnPgrBKmLgcpW3Fp72NVKDLg6oT4QjQbhGtvrkHMhGYMK1sh4vjBHOBmuUalyt9hSzV37fQ==",
      "license": "Apache-2.0",
      "dependencies": {
        "bare-inspect": "^3.1.2"
      }
    },
    "node_modules/bare-async-hooks": {
      "version": "0.0.0",
      "resolved": "https://registry.npmjs.org/bare-async-hooks/-/bare-async-hooks-0.0.0.tgz",
      "integrity": "sha512-xNfGwUobaomCGMGAqohAekS3uMCj+4tvI4AoOaJnO7NfpN+dvFdkC5xkeQtmZzs2vxf2TR5J6i5FDd1ImCZERw==",
      "license": "Apache-2.0"
    },
    "node_modules/bare-buffer": {
      "version": "3.6.0",
      "resolved": "https://registry.npmjs.org/bare-buffer/-/bare-buffer-3.6.0.tgz",
      "integrity": "sha512-/maRWEQ2eBkVNMbNFVsq1pHXJYVj4Y3AixwruB24eKZDs5Gtu0fixzvjYmBIuTsBMtVH5Yb27pQO9BhFa+IlIQ==",
      "license": "Apache-2.0",
      "engines": {
        "bare": ">=1.20.0"
      }
    },
    "node_modules/bare-bundle": {
      "version": "1.10.0",
      "resolved": "https://registry.npmjs.org/bare-bundle/-/bare-bundle-1.10.0.tgz",
      "integrity": "sha512-4LVlnJAHr00Hh6Vu6ZUJS38rcEtJT3b3vChXSsBsJ2mk1TN0lQ+gzd+Dw5L0aV7uqDZv84smuwW+O02X7PfDlw==",
      "license": "Apache-2.0",
      "peerDependencies": {
        "bare-buffer": "*",
        "bare-url": "*"
      },
      "peerDependenciesMeta": {
        "bare-buffer": {
          "optional": true
        },
        "bare-url": {
          "optional": true
        }
      }
    },
    "node_modules/bare-channel": {
      "version": "5.2.3",
      "resolved": "https://registry.npmjs.org/bare-channel/-/bare-channel-5.2.3.tgz",
      "integrity": "sha512-2cRErqS4fzzr3ZUSd5W67ka70dZKJ1VWrCsvxPVC8vr3rWvd4aaCG5iCDas9+MFVaUIWvfw04+NH4+FHQDddMQ==",
      "license": "Apache-2.0",
      "dependencies": {
        "bare-events": "^2.0.0",
        "bare-stream": "^2.7.0",
        "bare-structured-clone": "^1.4.0"
      },
      "engines": {
        "bare": ">=1.7.0"
      }
    },
    "node_modules/bare-console": {
      "version": "6.1.0",
      "resolved": "https://registry.npmjs.org/bare-console/-/bare-console-6.1.0.tgz",
      "integrity": "sha512-BziGTEIyVh0zn78842mmpOLGTEFE7/S4A5Tb0d2iIu7bryVdoiF0przraYMetJckHxm0P5ITTZrYfRuYRr9n/Q==",
      "license": "Apache-2.0",
      "dependencies": {
        "bare-hrtime": "^2.0.0",
        "bare-logger": "^2.0.0",
        "bare-system-logger": "^1.0.2"
      }
    },
    "node_modules/bare-crypto": {
      "version": "1.13.4",
      "resolved": "https://registry.npmjs.org/bare-crypto/-/bare-crypto-1.13.4.tgz",
      "integrity": "sha512-JiCZ5l2YOG1y8J7yy1BCAKTCZrPnHLb7pDRIdurBTOn5oIwBQDIv8iH5Pl2V85vzjl1NZXRfNY4HZLsE942jJA==",
      "license": "Apache-2.0",
      "dependencies": {
        "bare-assert": "^1.2.0",
        "bare-stream": "^2.6.3"
      },
      "peerDependencies": {
        "bare-buffer": "*"
      },
      "peerDependenciesMeta": {
        "bare-buffer": {
          "optional": true
        }
      }
    },
    "node_modules/bare-debug-log": {
      "version": "2.0.0",
      "resolved": "https://registry.npmjs.org/bare-debug-log/-/bare-debug-log-2.0.0.tgz",
      "integrity": "sha512-Vi42PkMQsNV9PUpx2Gl1hikshx5O9FzMJ6o9Nnopseg7qLBBK7Nl31d0RHcfwLEAfmcPApytpc0ZFfq68u22FQ==",
      "license": "Apache-2.0",
      "dependencies": {
        "bare-os": "^3.0.1"
      }
    },
    "node_modules/bare-dgram": {
      "version": "1.0.1",
      "resolved": "https://registry.npmjs.org/bare-dgram/-/bare-dgram-1.0.1.tgz",
      "integrity": "sha512-EdsyRErrkWgN8fENdrDdXFEE9HAuJ/m6ehXz13fVj9JhdCaLWIA+L8o5aYNRLt66x08RlyG2vbrRAZoxGfcdlg==",
      "license": "Apache-2.0",
      "dependencies": {
        "bare-events": "^2.5.0",
        "udx-native": "^1.11.2"
      }
    },
    "node_modules/bare-diagnostics-channel": {
      "version": "1.1.0",
      "resolved": "https://registry.npmjs.org/bare-diagnostics-channel/-/bare-diagnostics-channel-1.1.0.tgz",
      "integrity": "sha512-Reu+EQo+eLpB+a5p8UykFEdXndFaRaSgKV38uAMh/qhE2eTeJcdwAwo74hKYyeN8GD3DIFqC9ZlM4bnDc03CIg==",
      "license": "Apache-2.0"
    },
    "node_modules/bare-dns": {
      "version": "2.1.4",
      "resolved": "https://registry.npmjs.org/bare-dns/-/bare-dns-2.1.4.tgz",
      "integrity": "sha512-abwjHmpWqSRNB7V5615QxPH92L71AVzFm/kKTs8VYiNTAi2xVdonpv0BjJ0hwXLwomoW+xsSOPjW6PZPO14asg==",
      "license": "Apache-2.0",
      "engines": {
        "bare": ">=1.7.0"
      }
    },
    "node_modules/bare-encoding": {
      "version": "1.0.3",
      "resolved": "https://registry.npmjs.org/bare-encoding/-/bare-encoding-1.0.3.tgz",
      "integrity": "sha512-Kqf+t/azs13lUeyK4Tb7ha4wdLRXKWCXQ8w1rVmt7KtoPCPdHD/Xwt7LBIsCSwwGglrcmblo5VOLa5avkJqULA==",
      "license": "Apache-2.0",
      "peerDependencies": {
        "bare-buffer": "*"
      },
      "peerDependenciesMeta": {
        "bare-buffer": {
          "optional": true
        }
      }
    },
    "node_modules/bare-env": {
      "version": "3.0.0",
      "resolved": "https://registry.npmjs.org/bare-env/-/bare-env-3.0.0.tgz",
      "integrity": "sha512-0u964P5ZLAxTi+lW4Kjp7YRJQ5gZr9ycYOtjLxsSrupgMz3sn5Z9n4SH/JIifHwvadsf1brA2JAjP+9IOWwTiw==",
      "license": "Apache-2.0",
      "dependencies": {
        "bare-os": "^3.0.1"
      }
    },
    "node_modules/bare-events": {
      "version": "2.8.2",
      "resolved": "https://registry.npmjs.org/bare-events/-/bare-events-2.8.2.tgz",
      "integrity": "sha512-riJjyv1/mHLIPX4RwiK+oW9/4c3TEUeORHKefKAKnZ5kyslbN+HXowtbaVEqt4IMUB7OXlfixcs6gsFeo/jhiQ==",
      "license": "Apache-2.0",
      "peerDependencies": {
        "bare-abort-controller": "*"
      },
      "peerDependenciesMeta": {
        "bare-abort-controller": {
          "optional": true
        }
      }
    },
    "node_modules/bare-fetch": {
      "version": "2.8.0",
      "resolved": "https://registry.npmjs.org/bare-fetch/-/bare-fetch-2.8.0.tgz",
      "integrity": "sha512-xCBF6oKwzZmq+M6FGcAHv8Fn3XEXHeauLr6dfmr5IG07PFhabg1+r9eeVaIybPAqx8syF9M9+4r23QuDvh3Uvg==",
      "license": "Apache-2.0",
      "dependencies": {
        "bare-form-data": "^1.2.0",
        "bare-http1": "^4.5.2",
        "bare-https": "^2.0.0",
        "bare-stream": "^2.9.1",
        "bare-url": "^2.4.0",
        "bare-zlib": "^1.3.0"
      },
      "peerDependencies": {
        "bare-abort-controller": "*",
        "bare-buffer": "*"
      },
      "peerDependenciesMeta": {
        "bare-abort-controller": {
          "optional": true
        },
        "bare-buffer": {
          "optional": true
        }
      }
    },
    "node_modules/bare-form-data": {
      "version": "1.2.1",
      "resolved": "https://registry.npmjs.org/bare-form-data/-/bare-form-data-1.2.1.tgz",
      "integrity": "sha512-DFZhp5Tn0S7TjII/xhgLl2BNU6f7l5QbIW/YH7TjzQVnxLa8SaMSbl77jpy0ZR1oUnAo0a7NHJ9QAOU6PPr0Jg==",
      "license": "Apache-2.0",
      "dependencies": {
        "bare-buffer": "^3.6.0",
        "bare-stream": "^2.6.5"
      }
    },
    "node_modules/bare-format": {
      "version": "1.0.2",
      "resolved": "https://registry.npmjs.org/bare-format/-/bare-format-1.0.2.tgz",
      "integrity": "sha512-GswdhnOnP9QtwRbrf4wLApw5widkaLMsLe2XOs35fQD2YfEN1ApoGka+cZ7PfvzxMgfYXmMhj/2OGlVn5/Dxgw==",
      "license": "Apache-2.0",
      "dependencies": {
        "bare-inspect": "^3.0.0"
      }
    },
    "node_modules/bare-fs": {
      "version": "4.5.6",
      "resolved": "https://registry.npmjs.org/bare-fs/-/bare-fs-4.5.6.tgz",
      "integrity": "sha512-1QovqDrR80Pmt5HPAsMsXTCFcDYr+NSUKW6nd6WO5v0JBmnItc/irNRzm2KOQ5oZ69P37y+AMujNyNtG+1Rggw==",
      "license": "Apache-2.0",
      "dependencies": {
        "bare-events": "^2.5.4",
        "bare-path": "^3.0.0",
        "bare-stream": "^2.6.4",
        "bare-url": "^2.2.2",
        "fast-fifo": "^1.3.2"
      },
      "engines": {
        "bare": ">=1.16.0"
      },
      "peerDependencies": {
        "bare-buffer": "*"
      },
      "peerDependenciesMeta": {
        "bare-buffer": {
          "optional": true
        }
      }
    },
    "node_modules/bare-hrtime": {
      "version": "2.1.1",
      "resolved": "https://registry.npmjs.org/bare-hrtime/-/bare-hrtime-2.1.1.tgz",
      "integrity": "sha512-VMb3tHo05gsnbu3OXTmkDiwTjMlOsbQmKoysKqKEyR09m77TuDrYFbj3Q5GGk10dAKsUHrnXmwCaeJqzVpB5ZA==",
      "license": "Apache-2.0"
    },
    "node_modules/bare-http-parser": {
      "version": "1.1.3",
      "resolved": "https://registry.npmjs.org/bare-http-parser/-/bare-http-parser-1.1.3.tgz",
      "integrity": "sha512-+dhVvQi6brHq14L/XHNRQ+TLuVE76VjRmMt61wVEtS+Od8xUslfMHWJN/ZjIIt3RtTG6vPuA+x9cOh7KrkBJsA==",
      "license": "Apache-2.0"
    },
    "node_modules/bare-http1": {
      "version": "4.5.5",
      "resolved": "https://registry.npmjs.org/bare-http1/-/bare-http1-4.5.5.tgz",
      "integrity": "sha512-ADITiRo0huP76JGMbv6Arsh9KehHqjEBoYcmjvAo67IY78+/9mV2MeKLLCkiJSFxA85T/m8cTaE44OwJQCcwdw==",
      "license": "Apache-2.0",
      "dependencies": {
        "bare-events": "^2.6.0",
        "bare-http-parser": "^1.1.1",
        "bare-stream": "^2.10.0",
        "bare-tcp": "^2.2.0"
      },
      "peerDependencies": {
        "bare-buffer": "*",
        "bare-url": "*"
      },
      "peerDependenciesMeta": {
        "bare-buffer": {
          "optional": true
        },
        "bare-url": {
          "optional": true
        }
      }
    },
    "node_modules/bare-https": {
      "version": "2.1.3",
      "resolved": "https://registry.npmjs.org/bare-https/-/bare-https-2.1.3.tgz",
      "integrity": "sha512-0TI/mJXQGYXmG7UUyWEG+KCJusayIAQLywUjFAskDoKuxfqVnGF+M/mTMrEV8J64DaIdU+5x761FvgmT7M68tA==",
      "license": "Apache-2.0",
      "dependencies": {
        "bare-http1": "^4.4.0",
        "bare-tcp": "^2.2.0",
        "bare-tls": "^2.0.0"
      }
    },
    "node_modules/bare-inspect": {
      "version": "3.1.4",
      "resolved": "https://registry.npmjs.org/bare-inspect/-/bare-inspect-3.1.4.tgz",
      "integrity": "sha512-jfW5KRA84o3REpI6Vr4nbvMn+hqVAw8GU1mMdRwUsY5yJovQamxYeKGVKGqdzs+8ZbG4jRzGUXP/3Ji/DnqfPg==",
      "license": "Apache-2.0",
      "dependencies": {
        "bare-ansi-escapes": "^2.1.0",
        "bare-type": "^1.0.0"
      },
      "engines": {
        "bare": ">=1.18.0"
      }
    },
    "node_modules/bare-inspector": {
      "version": "5.0.0",
      "resolved": "https://registry.npmjs.org/bare-inspector/-/bare-inspector-5.0.0.tgz",
      "integrity": "sha512-blObRFPBK6yn0/wZbrRgkGcOuLUQUYVvkKbsEp5p3bWJB+uNrAh+qUqOijQHS6mZjGvyGCE86VERp3EiUR2TyA==",
      "license": "Apache-2.0",
      "dependencies": {
        "bare-events": "^2.1.0",
        "bare-http1": "^4.0.0",
        "bare-stream": "^2.0.0",
        "bare-url": "^2.0.0",
        "bare-ws": "^2.0.0"
      },
      "engines": {
        "bare": ">=1.2.0"
      },
      "peerDependencies": {
        "bare-tcp": "*"
      },
      "peerDependenciesMeta": {
        "bare-tcp": {
          "optional": true
        }
      }
    },
    "node_modules/bare-logger": {
      "version": "2.0.3",
      "resolved": "https://registry.npmjs.org/bare-logger/-/bare-logger-2.0.3.tgz",
      "integrity": "sha512-U6K7NxHdeAHxEgHFDV8zXvgjgDZKQO6LlCrxQvUvlrZEVTnoezSImMWizi85rbZpVsbeI1ZWcLCRGnoIf5EV8Q==",
      "license": "Apache-2.0",
      "dependencies": {
        "bare-format": "^1.0.0"
      }
    },
    "node_modules/bare-module": {
      "version": "6.1.3",
      "resolved": "https://registry.npmjs.org/bare-module/-/bare-module-6.1.3.tgz",
      "integrity": "sha512-5XWsVHsvtWMH4tK4DQWgpNTV0t/sg3ZrAaQLIxrwjrS5+u8Q9vEgc/zQ4QaDPWDse/y/5h+d+YG1Q0JfSMt0zA==",
      "license": "Apache-2.0",
      "dependencies": {
        "bare-bundle": "^1.3.0",
        "bare-module-lexer": "^1.0.0",
        "bare-module-resolve": "^1.8.0",
        "bare-path": "^3.0.0",
        "bare-url": "^2.0.1"
      },
      "engines": {
        "bare": ">=1.23.0"
      },
      "peerDependencies": {
        "bare-buffer": "*"
      },
      "peerDependenciesMeta": {
        "bare-buffer": {
          "optional": true
        }
      }
    },
    "node_modules/bare-module-lexer": {
      "version": "1.4.7",
      "resolved": "https://registry.npmjs.org/bare-module-lexer/-/bare-module-lexer-1.4.7.tgz",
      "integrity": "sha512-0klU4eMsjh/wcxi8FdHmNom2j2F4kmkXOhyJFL9qTaSFp2lE3m6BtbKgMHY8R5miqC9r8/IfA8wzXnC5Os14WA==",
      "license": "Apache-2.0",
      "dependencies": {
        "require-addon": "^1.0.2"
      },
      "peerDependencies": {
        "bare-buffer": "*"
      },
      "peerDependenciesMeta": {
        "bare-buffer": {
          "optional": true
        }
      }
    },
    "node_modules/bare-module-resolve": {
      "version": "1.12.1",
      "resolved": "https://registry.npmjs.org/bare-module-resolve/-/bare-module-resolve-1.12.1.tgz",
      "integrity": "sha512-hbmAPyFpEq8FoZMd5sFO3u6MC5feluWoGE8YKlA8fCrl6mNtx68Wjg4DTiDJcqRJaovTvOYKfYngoBUnbaT7eg==",
      "license": "Apache-2.0",
      "dependencies": {
        "bare-semver": "^1.0.0"
      },
      "peerDependencies": {
        "bare-url": "*"
      },
      "peerDependenciesMeta": {
        "bare-url": {
          "optional": true
        }
      }
    },
    "node_modules/bare-module-traverse": {
      "version": "2.0.1",
      "resolved": "https://registry.npmjs.org/bare-module-traverse/-/bare-module-traverse-2.0.1.tgz",
      "integrity": "sha512-1au+Og5p97T9b6Y7xmHZ7KtpW8vEYtz2jC2whmm+YJp46EaHfk26j91MmQhufdkR/8sdK1Q5p+P9A/Y5GrJg7Q==",
      "license": "Apache-2.0",
      "dependencies": {
        "bare-addon-resolve": "^1.5.0",
        "bare-module-lexer": "^1.4.0",
        "bare-module-resolve": "^1.7.0"
      },
      "peerDependencies": {
        "bare-buffer": "*",
        "bare-url": "*"
      },
      "peerDependenciesMeta": {
        "bare-buffer": {
          "optional": true
        },
        "bare-url": {
          "optional": true
        }
      }
    },
    "node_modules/bare-net": {
      "version": "2.3.1",
      "resolved": "https://registry.npmjs.org/bare-net/-/bare-net-2.3.1.tgz",
      "integrity": "sha512-MypSqDKpDU2Xt7FIfazn5yGvRnV09gFcIPHGWstW0gxuzA4tucTcwJSZeos97C4F89vtU5oGwXDN/HrGN6Y4Jw==",
      "license": "Apache-2.0",
      "dependencies": {
        "bare-events": "^2.2.2",
        "bare-pipe": "^4.0.0",
        "bare-stream": "^2.0.0",
        "bare-tcp": "^2.0.0"
      }
    },
    "node_modules/bare-node-runtime": {
      "version": "1.2.0",
      "resolved": "https://registry.npmjs.org/bare-node-runtime/-/bare-node-runtime-1.2.0.tgz",
      "integrity": "sha512-oCpkcKBLDuzhtga0Q/63Ds3Gj03I0jIf+VX4mDhSClpoBfz/wnDtl2d1NKQDAVNCoP4I617GrJkS3vwNO4dd7w==",
      "license": "Apache-2.0",
      "dependencies": {
        "bare-abort-controller": "^1.0.0",
        "bare-assert": "^1.1.0",
        "bare-async-hooks": "^0.0.0",
        "bare-buffer": "^3.3.1",
        "bare-console": "^6.0.1",
        "bare-crypto": "^1.11.2",
        "bare-dgram": "^1.0.1",
        "bare-diagnostics-channel": "^1.1.0",
        "bare-dns": "^2.1.4",
        "bare-events": "^2.7.0",
        "bare-fetch": "^2.5.0",
        "bare-fs": "^4.2.3",
        "bare-http1": "^4.0.4",
        "bare-https": "^2.0.0",
        "bare-inspector": "^5.0.0",
        "bare-module": "^6.1.2",
        "bare-net": "^2.0.2",
        "bare-os": "^3.6.2",
        "bare-path": "^3.0.0",
        "bare-performance": "^1.1.0",
        "bare-process": "^4.2.1",
        "bare-punycode": "^0.0.0",
        "bare-querystring": "^1.0.0",
        "bare-readline": "^1.1.0",
        "bare-repl": "^6.0.1",
        "bare-stream": "^2.7.0",
        "bare-string-decoder": "^1.0.0",
        "bare-subprocess": "^5.1.1",
        "bare-timers": "^3.0.3",
        "bare-tls": "^2.1.3",
        "bare-tty": "^5.0.3",
        "bare-url": "^2.2.2",
        "bare-utils": "^1.5.1",
        "bare-v8": "^1.0.1",
        "bare-vm": "^1.0.0",
        "bare-worker": "^4.0.0",
        "bare-ws": "^2.1.0",
        "bare-zlib": "^1.3.1"
      }
    },
    "node_modules/bare-os": {
      "version": "3.8.6",
      "resolved": "https://registry.npmjs.org/bare-os/-/bare-os-3.8.6.tgz",
      "integrity": "sha512-l8xaNWWb/bXuzgsrlF5jaa5QYDJ9S0ddd54cP6CH+081+5iPrbJiCfBWQqrWYzmUhCbsH+WR6qxo9MeHVCr0MQ==",
      "license": "Apache-2.0",
      "engines": {
        "bare": ">=1.14.0"
      }
    },
    "node_modules/bare-path": {
      "version": "3.0.0",
      "resolved": "https://registry.npmjs.org/bare-path/-/bare-path-3.0.0.tgz",
      "integrity": "sha512-tyfW2cQcB5NN8Saijrhqn0Zh7AnFNsnczRcuWODH0eYAXBsJ5gVxAUuNr7tsHSC6IZ77cA0SitzT+s47kot8Mw==",
      "license": "Apache-2.0",
      "dependencies": {
        "bare-os": "^3.0.1"
      }
    },
    "node_modules/bare-performance": {
      "version": "1.3.0",
      "resolved": "https://registry.npmjs.org/bare-performance/-/bare-performance-1.3.0.tgz",
      "integrity": "sha512-ITlHSQwsnJSPjpagTtPo043LRkFgcrl9SgPsVUBXZvTeGWuNLUfMRwmwAS+35i8qnIEinySoLxwhVoJNZAIF2g==",
      "license": "Apache-2.0"
    },
    "node_modules/bare-pipe": {
      "version": "4.1.5",
      "resolved": "https://registry.npmjs.org/bare-pipe/-/bare-pipe-4.1.5.tgz",
      "integrity": "sha512-6OfxaG8JSkRh3Gc4hzHRsxNt+yu2PpN7lrv1V+T78GdknWQkVGwiEvu4m+1nbfk8cMVQ0TGxRvQ90XA4rhnTuw==",
      "license": "Apache-2.0",
      "dependencies": {
        "bare-events": "^2.0.0",
        "bare-stream": "^2.0.0"
      },
      "engines": {
        "bare": ">=1.16.0"
      }
    },
    "node_modules/bare-process": {
      "version": "4.4.0",
      "resolved": "https://registry.npmjs.org/bare-process/-/bare-process-4.4.0.tgz",
      "integrity": "sha512-G5O+Lk1lsPiYjVXP+xS8KUqNzFwibrwvqJ7DO6x8ceLSTwxyMq7NwpbmbGQQZiaiOsdZZHBFs9n+we7OuANhaw==",
      "license": "Apache-2.0",
      "dependencies": {
        "bare-abort": "^2.0.13",
        "bare-env": "^3.0.0",
        "bare-events": "^2.3.1",
        "bare-fs": "^4.5.6",
        "bare-hrtime": "^2.0.0",
        "bare-os": "^3.7.1",
        "bare-signals": "^4.0.0",
        "bare-tty": "^5.0.0"
      }
    },
    "node_modules/bare-punycode": {
      "version": "0.0.0",
      "resolved": "https://registry.npmjs.org/bare-punycode/-/bare-punycode-0.0.0.tgz",
      "integrity": "sha512-PC2Y6mGLytZPJCB9M7CvO5Zb6uWYVUZ+5t3L6vePFuFM6tdC6SsQ+sIsuf0Sa6LHBoWURX7I9yMMbPXMv7TIdQ==",
      "license": "Apache-2.0",
      "dependencies": {
        "punycode": "^2.3.1"
      }
    },
    "node_modules/bare-querystring": {
      "version": "1.0.0",
      "resolved": "https://registry.npmjs.org/bare-querystring/-/bare-querystring-1.0.0.tgz",
      "integrity": "sha512-Kbqdjd4f1MxMtutXzraEKIXqXRfq9uWLwzUT5bLUh9TCiPznY9l6vHc4BUPNIa13DyH1VAlPy3iOxHzhqV2quQ==",
      "license": "Apache-2.0"
    },
    "node_modules/bare-readline": {
      "version": "1.2.2",
      "resolved": "https://registry.npmjs.org/bare-readline/-/bare-readline-1.2.2.tgz",
      "integrity": "sha512-7MihQDnw80rxPyLJHZAUgFskFyGUj45FKJDIe57sW0iQyJIGroFA08mrtiMLMWUIgSd49hT7E97FCWvrc29p1Q==",
      "license": "Apache-2.0",
      "dependencies": {
        "bare-ansi-escapes": "^2.0.0",
        "bare-stream": "^2.0.0"
      }
    },
    "node_modules/bare-realm": {
      "version": "2.0.1",
      "resolved": "https://registry.npmjs.org/bare-realm/-/bare-realm-2.0.1.tgz",
      "integrity": "sha512-kQbYU6AAQu4XBTQesuz2+PpjBx7MJzf5Qw3nSLzQCzbVglx7Ml85MtWEjUe1AeslXqrd+nFPHMEbL55ouISscA==",
      "license": "Apache-2.0",
      "engines": {
        "bare": ">=1.5.0"
      }
    },
    "node_modules/bare-repl": {
      "version": "6.0.2",
      "resolved": "https://registry.npmjs.org/bare-repl/-/bare-repl-6.0.2.tgz",
      "integrity": "sha512-w2R+5LOrMl9UH/gcFjvdIpsB+SgyLr8cW4uJo5bAEzRbRpVA+ZTm8pMHYdj0uqIUBClP/6fkyW0MnB1XkxakmQ==",
      "license": "Apache-2.0",
      "dependencies": {
        "bare-inspect": "^3.0.0",
        "bare-module": "^6.0.1",
        "bare-os": "^3.0.1",
        "bare-path": "^3.0.0",
        "bare-pipe": "^4.0.0",
        "bare-readline": "^1.0.0",
        "bare-stream": "^2.0.0",
        "bare-tty": "^5.0.0"
      }
    },
    "node_modules/bare-semver": {
      "version": "1.0.2",
      "resolved": "https://registry.npmjs.org/bare-semver/-/bare-semver-1.0.2.tgz",
      "integrity": "sha512-ESVaN2nzWhcI5tf3Zzcq9aqCZ676VWzqw07eEZ0qxAcEOAFYBa0pWq8sK34OQeHLY3JsfKXZS9mDyzyxGjeLzA==",
      "license": "Apache-2.0"
    },
    "node_modules/bare-signals": {
      "version": "4.2.0",
      "resolved": "https://registry.npmjs.org/bare-signals/-/bare-signals-4.2.0.tgz",
      "integrity": "sha512-fNHMOdQIlYuTvMB3Oh9Apk99hLKn351+Ir8vz+khiPTcOqIyGG4uWWjdLTzxWdYGsA0eT+We3y0K74hjj2nq7A==",
      "license": "Apache-2.0",
      "dependencies": {
        "bare-events": "^2.5.3",
        "bare-os": "^3.3.1"
      },
      "engines": {
        "bare": ">=1.7.0"
      }
    },
    "node_modules/bare-stream": {
      "version": "2.11.0",
      "resolved": "https://registry.npmjs.org/bare-stream/-/bare-stream-2.11.0.tgz",
      "integrity": "sha512-Y/+iQ49fL3rIn6w/AVxI/2+BRrpmzJvdWt5Jv8Za6Ngqc6V227c+pYjYYgLdpR3MwQ9ObVXD0ZrqoBztakM0rw==",
      "license": "Apache-2.0",
      "dependencies": {
        "streamx": "^2.25.0",
        "teex": "^1.0.1"
      },
      "peerDependencies": {
        "bare-abort-controller": "*",
        "bare-buffer": "*",
        "bare-events": "*"
      },
      "peerDependenciesMeta": {
        "bare-abort-controller": {
          "optional": true
        },
        "bare-buffer": {
          "optional": true
        },
        "bare-events": {
          "optional": true
        }
      }
    },
    "node_modules/bare-string-decoder": {
      "version": "1.0.0",
      "resolved": "https://registry.npmjs.org/bare-string-decoder/-/bare-string-decoder-1.0.0.tgz",
      "integrity": "sha512-FjFvfHo88U7borNQSj9ijP2JTb1asqY6K28OZrix4dF9iZf5D2wi1+99CgLlHT3HtYqdwxRhDAiKu8rVstt5rQ==",
      "license": "Apache-2.0",
      "dependencies": {
        "text-decoder": "^1.2.3"
      },
      "peerDependencies": {
        "bare-buffer": "*"
      },
      "peerDependenciesMeta": {
        "bare-buffer": {
          "optional": true
        }
      }
    },
    "node_modules/bare-structured-clone": {
      "version": "1.5.3",
      "resolved": "https://registry.npmjs.org/bare-structured-clone/-/bare-structured-clone-1.5.3.tgz",
      "integrity": "sha512-vC/YqGsp67ZeFnpyAskwaEIXtNscnCwFVKlSk0Oh2X3AqWT6H+7DC9vVI080FohUJeuUuB9UNx4UFdDcyQgZaw==",
      "license": "Apache-2.0",
      "dependencies": {
        "bare-type": "^1.1.0",
        "compact-encoding": "^2.15.0"
      },
      "engines": {
        "bare": ">=1.2.0"
      },
      "peerDependencies": {
        "bare-buffer": "*",
        "bare-url": "*"
      },
      "peerDependenciesMeta": {
        "bare-buffer": {
          "optional": true
        },
        "bare-url": {
          "optional": true
        }
      }
    },
    "node_modules/bare-stylize": {
      "version": "0.0.1",
      "resolved": "https://registry.npmjs.org/bare-stylize/-/bare-stylize-0.0.1.tgz",
      "integrity": "sha512-l3MjmIl476bWijYWf3RbE+osl4iuXSOMudzp0vAqzIK7gPgn/+G3oAxp8Oin9CFF911KBP0LO9kts8Ci8mGZaQ==",
      "license": "Apache-2.0",
      "dependencies": {
        "bare-ansi-escapes": "^2.2.3",
        "bare-process": "^4.2.1"
      }
    },
    "node_modules/bare-subprocess": {
      "version": "5.2.3",
      "resolved": "https://registry.npmjs.org/bare-subprocess/-/bare-subprocess-5.2.3.tgz",
      "integrity": "sha512-07wwswlV7M3sC9IykbZRZ/jHAkrXFWVLqdBWGv1y0ojCimtRD9hGwxdHmR5FUFmDUZLNsBmTYJNQqgio5+A85Q==",
      "license": "Apache-2.0",
      "dependencies": {
        "bare-env": "^3.0.0",
        "bare-events": "^2.5.4",
        "bare-os": "^3.0.1",
        "bare-pipe": "^4.0.0",
        "bare-url": "^2.2.2"
      },
      "engines": {
        "bare": ">=1.7.0"
      },
      "peerDependencies": {
        "bare-buffer": "*"
      },
      "peerDependenciesMeta": {
        "bare-buffer": {
          "optional": true
        }
      }
    },
    "node_modules/bare-system-logger": {
      "version": "1.0.3",
      "resolved": "https://registry.npmjs.org/bare-system-logger/-/bare-system-logger-1.0.3.tgz",
      "integrity": "sha512-HXTXZyhIIS4ZDYun4J9zKNQZDfLgEkkK8wy9nrTFJE5xq8APsOhDxuEsxP0YcNwC23DW1jaNpqD51zDeXPzIdg==",
      "license": "Apache-2.0",
      "dependencies": {
        "bare-logger": "^2.0.0"
      }
    },
    "node_modules/bare-tcp": {
      "version": "2.2.7",
      "resolved": "https://registry.npmjs.org/bare-tcp/-/bare-tcp-2.2.7.tgz",
      "integrity": "sha512-rjpqNQ2cOCkNo3NeYA/W4GTK3DRkl8sDHO3uos+AEswUjLC8XXMQF8WrJCSjlIowCbS6NUVxKE92X5RGXjyefg==",
      "license": "Apache-2.0",
      "dependencies": {
        "bare-dns": "^2.0.4",
        "bare-events": "^2.5.4",
        "bare-stream": "^2.6.4"
      },
      "engines": {
        "bare": ">=1.16.0"
      }
    },
    "node_modules/bare-thread": {
      "version": "1.1.6",
      "resolved": "https://registry.npmjs.org/bare-thread/-/bare-thread-1.1.6.tgz",
      "integrity": "sha512-t6+mun2bpC6UlxyjWxn0bQYp8hM25XXRo6/UuoXx1mvYFZ6dHpp9nRyI0WWQk+n2Z5zb/g9hiUv6U+g4N8MQ3w==",
      "license": "Apache-2.0",
      "dependencies": {
        "bare-bundle": "^1.9.0",
        "bare-module-resolve": "^1.11.2",
        "bare-module-traverse": "^2.0.0"
      }
    },
    "node_modules/bare-timers": {
      "version": "3.2.1",
      "resolved": "https://registry.npmjs.org/bare-timers/-/bare-timers-3.2.1.tgz",
      "integrity": "sha512-O+9e6Jol/BoYsQUzAFXG0gWUW1GWryFMblGcNBfi3smPrD3rJIKQwpw2FJARl2j/1VHne4a8YaHPK1cxDKfiYQ==",
      "license": "Apache-2.0",
      "engines": {
        "bare": ">=1.7.0"
      },
      "peerDependencies": {
        "bare-abort-controller": "*"
      },
      "peerDependenciesMeta": {
        "bare-abort-controller": {
          "optional": true
        }
      }
    },
    "node_modules/bare-tls": {
      "version": "2.2.1",
      "resolved": "https://registry.npmjs.org/bare-tls/-/bare-tls-2.2.1.tgz",
      "integrity": "sha512-hZ+ZqwrUO4dyH7/6WYkYWjgAFNJKjzwEYJiDaMnMs+eRleBDjQ3CvNZawpkw0Ar9jnM9NZK6+f6GqjkZ2FLGmQ==",
      "license": "Apache-2.0",
      "dependencies": {
        "bare-net": "^2.0.1",
        "bare-stream": "^2.6.4"
      },
      "engines": {
        "bare": ">=1.7.0"
      }
    },
    "node_modules/bare-tty": {
      "version": "5.1.0",
      "resolved": "https://registry.npmjs.org/bare-tty/-/bare-tty-5.1.0.tgz",
      "integrity": "sha512-EZLvW4A+XiJgI3TW+e1pMME9PIJsfEXe/DA/WSKzIkq/v7Yarpv/rvG6Z5pGnpo4V/Bd+qopwnCLSR71hMMBYA==",
      "license": "Apache-2.0",
      "dependencies": {
        "bare-events": "^2.2.0",
        "bare-signals": "^4.0.0",
        "bare-stream": "^2.0.0"
      },
      "engines": {
        "bare": ">=1.16.0"
      }
    },
    "node_modules/bare-type": {
      "version": "1.1.0",
      "resolved": "https://registry.npmjs.org/bare-type/-/bare-type-1.1.0.tgz",
      "integrity": "sha512-LdtnnEEYldOc87Dr4GpsKnStStZk3zfgoEMXy8yvEZkXrcCv9RtYDrUYWFsBQHtaB0s1EUWmcvS6XmEZYIj3Bw==",
      "license": "Apache-2.0",
      "engines": {
        "bare": ">=1.2.0"
      }
    },
    "node_modules/bare-url": {
      "version": "2.4.0",
      "resolved": "https://registry.npmjs.org/bare-url/-/bare-url-2.4.0.tgz",
      "integrity": "sha512-NSTU5WN+fy/L0DDenfE8SXQna4voXuW0FHM7wH8i3/q9khUSchfPbPezO4zSFMnDGIf9YE+mt/RWhZgNRKRIXA==",
      "license": "Apache-2.0",
      "dependencies": {
        "bare-path": "^3.0.0"
      }
    },
    "node_modules/bare-utils": {
      "version": "1.6.0",
      "resolved": "https://registry.npmjs.org/bare-utils/-/bare-utils-1.6.0.tgz",
      "integrity": "sha512-WhQEIkkAxkSnW7u1QgrI0AfNm5JpMruETXeYsb5qnkBJ0TTfNKygZmsh6rkoHBANaV+C/7Jed7bJP9OmEHG7rQ==",
      "license": "Apache-2.0",
      "dependencies": {
        "bare-debug-log": "^2.0.0",
        "bare-encoding": "^1.0.0",
        "bare-format": "^1.0.0",
        "bare-inspect": "^3.0.0",
        "bare-stylize": "^0.0.1",
        "bare-type": "^1.0.6"
      }
    },
    "node_modules/bare-v8": {
      "version": "1.0.1",
      "resolved": "https://registry.npmjs.org/bare-v8/-/bare-v8-1.0.1.tgz",
      "integrity": "sha512-/cR5ZvFWQRdtTZ4tx0j7TKvTWce8UnnLqm88fwHtJmfM7HODIBVjQGDT7KkDLeD2d/eHP2pzB71Y8/QyiMMKrQ==",
      "license": "Apache-2.0"
    },
    "node_modules/bare-vm": {
      "version": "1.0.1",
      "resolved": "https://registry.npmjs.org/bare-vm/-/bare-vm-1.0.1.tgz",
      "integrity": "sha512-yLnbRvKt3AhRTmtfTIrYfdTHqGEfIJc+Fgb2DcHejE0HJ+p5adGxxPMvd3893Z7iXVYnalxukNARn4oJSZELHQ==",
      "license": "Apache-2.0",
      "dependencies": {
        "bare-realm": "^2.0.0"
      }
    },
    "node_modules/bare-worker": {
      "version": "4.1.6",
      "resolved": "https://registry.npmjs.org/bare-worker/-/bare-worker-4.1.6.tgz",
      "integrity": "sha512-yvsektF7xNqlAyjJV+YYeBx+sGZ8Fhbo5Cjc/lpIdkM8Gd/e3MlaxTFg8NknkyvJ4oDJXqvp38Q+ZOn5Gyr+nQ==",
      "license": "Apache-2.0",
      "dependencies": {
        "bare-channel": "^5.1.5",
        "bare-events": "^2.2.1",
        "bare-module": "^6.0.1",
        "bare-thread": "^1.1.3"
      }
    },
    "node_modules/bare-ws": {
      "version": "2.1.0",
      "resolved": "https://registry.npmjs.org/bare-ws/-/bare-ws-2.1.0.tgz",
      "integrity": "sha512-2gEWlPK9iyBchACdIY6oQXgmDz3KLrChdwrPgmU3IVXOFTnxTqSUT27WE/+izd4QojHj/SsqDkQiD2HDvuTdAA==",
      "license": "Apache-2.0",
      "dependencies": {
        "bare-crypto": "^1.2.0",
        "bare-events": "^2.3.1",
        "bare-http1": "^4.0.0",
        "bare-https": "^2.0.0",
        "bare-stream": "^2.1.2"
      },
      "peerDependencies": {
        "bare-buffer": "*",
        "bare-url": "*"
      },
      "peerDependenciesMeta": {
        "bare-buffer": {
          "optional": true
        },
        "bare-url": {
          "optional": true
        }
      }
    },
    "node_modules/bare-zlib": {
      "version": "1.3.1",
      "resolved": "https://registry.npmjs.org/bare-zlib/-/bare-zlib-1.3.1.tgz",
      "integrity": "sha512-VP93GFzhrTdWh9mXNocn7XsP/nF5JQluiiSsbTvsQ4yIYlhEHRMF9lQmZZDXwzK9PNYaVGUV1bdQuqp0Mj7MHw==",
      "license": "Apache-2.0",
      "dependencies": {
        "bare-stream": "^2.0.0"
      }
    },
    "node_modules/bip39": {
      "version": "3.1.0",
      "resolved": "https://registry.npmjs.org/bip39/-/bip39-3.1.0.tgz",
      "integrity": "sha512-c9kiwdk45Do5GL0vJMe7tS95VjCii65mYAH7DfWl3uW8AVzXKQVUm64i3hzVybBDMp9r7j9iNxR85+ul8MdN/A==",
      "license": "ISC",
      "dependencies": {
        "@noble/hashes": "^1.2.0"
      }
    },
    "node_modules/compact-encoding": {
      "version": "2.19.2",
      "resolved": "https://registry.npmjs.org/compact-encoding/-/compact-encoding-2.19.2.tgz",
      "integrity": "sha512-/YjhHQE/5L4F7l5Bht69dRbP9RV6zoJPeowi8bMKQxNKe3Nh6hOY8pBGoVE9fz5GaWfEd8fWJ2aU9sB4KZuMYg==",
      "license": "Apache-2.0",
      "dependencies": {
        "b4a": "^1.3.0"
      }
    },
    "node_modules/ethers": {
      "version": "6.13.5",
      "resolved": "https://registry.npmjs.org/ethers/-/ethers-6.13.5.tgz",
      "integrity": "sha512-+knKNieu5EKRThQJWwqaJ10a6HE9sSehGeqWN65//wE7j47ZpFhKAnHB/JJFibwwg61I/koxaPsXbXpD/skNOQ==",
      "funding": [
        {
          "type": "individual",
          "url": "https://github.com/sponsors/ethers-io/"
        },
        {
          "type": "individual",
          "url": "https://www.buymeacoffee.com/ricmoo"
        }
      ],
      "license": "MIT",
      "dependencies": {
        "@adraffy/ens-normalize": "1.10.1",
        "@noble/curves": "1.2.0",
        "@noble/hashes": "1.3.2",
        "@types/node": "22.7.5",
        "aes-js": "4.0.0-beta.5",
        "tslib": "2.7.0",
        "ws": "8.17.1"
      },
      "engines": {
        "node": ">=14.0.0"
      }
    },
    "node_modules/ethers/node_modules/@noble/curves": {
      "version": "1.2.0",
      "resolved": "https://registry.npmjs.org/@noble/curves/-/curves-1.2.0.tgz",
      "integrity": "sha512-oYclrNgRaM9SsBUBVbb8M6DTV7ZHRTKugureoYEncY5c65HOmRzvSiTE3y5CYaPYJA/GVkrhXEoF0M3Ya9PMnw==",
      "license": "MIT",
      "dependencies": {
        "@noble/hashes": "1.3.2"
      },
      "funding": {
        "url": "https://paulmillr.com/funding/"
      }
    },
    "node_modules/ethers/node_modules/@noble/hashes": {
      "version": "1.3.2",
      "resolved": "https://registry.npmjs.org/@noble/hashes/-/hashes-1.3.2.tgz",
      "integrity": "sha512-MVC8EAQp7MvEcm30KWENFjgR+Mkmf+D189XJTkFIlwohU5hcBbn1ZkKq7KVTi2Hme3PMGF390DaL52beVrIihQ==",
      "license": "MIT",
      "engines": {
        "node": ">= 16"
      },
      "funding": {
        "url": "https://paulmillr.com/funding/"
      }
    },
    "node_modules/events-universal": {
      "version": "1.0.1",
      "resolved": "https://registry.npmjs.org/events-universal/-/events-universal-1.0.1.tgz",
      "integrity": "sha512-LUd5euvbMLpwOF8m6ivPCbhQeSiYVNb8Vs0fQ8QjXo0JTkEHpz8pxdQf0gStltaPpw0Cca8b39KxvK9cfKRiAw==",
      "license": "Apache-2.0",
      "dependencies": {
        "bare-events": "^2.7.0"
      }
    },
    "node_modules/fast-fifo": {
      "version": "1.3.2",
      "resolved": "https://registry.npmjs.org/fast-fifo/-/fast-fifo-1.3.2.tgz",
      "integrity": "sha512-/d9sfos4yxzpwkDkuN7k2SqFKtYNmCTzgfEpz82x34IM9/zc8KGxQoXg1liNC/izpRM/MBdt44Nmx41ZWqk+FQ==",
      "license": "MIT"
    },
    "node_modules/punycode": {
      "version": "2.3.1",
      "resolved": "https://registry.npmjs.org/punycode/-/punycode-2.3.1.tgz",
      "integrity": "sha512-vYt7UD1U9Wg6138shLtLOvdAu+8DsC/ilFtEVHcH+wydcSpNE20AfSOduf6MkRFahL5FY7X1oU7nKVZFtfq8Fg==",
      "license": "MIT",
      "engines": {
        "node": ">=6"
      }
    },
    "node_modules/require-addon": {
      "version": "1.2.0",
      "resolved": "https://registry.npmjs.org/require-addon/-/require-addon-1.2.0.tgz",
      "integrity": "sha512-VNPDZlYgIYQwWp9jMTzljx+k0ZtatKlcvOhktZ/anNPI3dQ9NXk7cq2U4iJ1wd9IrytRnYhyEocFWbkdPb+MYA==",
      "license": "Apache-2.0",
      "dependencies": {
        "bare-addon-resolve": "^1.3.0"
      },
      "engines": {
        "bare": ">=1.10.0"
      }
    },
    "node_modules/shamirs-secret-sharing": {
      "version": "2.0.1",
      "resolved": "https://registry.npmjs.org/shamirs-secret-sharing/-/shamirs-secret-sharing-2.0.1.tgz",
      "integrity": "sha512-gB2iE9Wb7BXfO+ExUU+i7/fdjOK7h4+Mtp9ZGRjmdGSeUq3czN+f/gX2KsKJdebXwG09D3SCRH0aqHmEuR2P6A==",
      "license": "MIT"
    },
    "node_modules/sodium-native": {
      "version": "5.1.0",
      "resolved": "https://registry.npmjs.org/sodium-native/-/sodium-native-5.1.0.tgz",
      "integrity": "sha512-3RxgyWyJlhTsABPnJVpCI5CoTDANZTqqFrEPqr+kjfnRaBihpVtMUE3yTF40ukdoB1APXeoBNKF3MzZAIHg39g==",
      "license": "MIT",
      "dependencies": {
        "bare-assert": "^1.2.0",
        "require-addon": "^1.1.0",
        "which-runtime": "^1.2.1"
      },
      "engines": {
        "bare": ">=1.16.0"
      }
    },
    "node_modules/sodium-universal": {
      "version": "5.0.1",
      "resolved": "https://registry.npmjs.org/sodium-universal/-/sodium-universal-5.0.1.tgz",
      "integrity": "sha512-rv+aH+tnKB5H0MAc2UadHShLMslpJsc4wjdnHRtiSIEYpOetCgu8MS4ExQRia+GL/MK3uuCyZPeEsi+J3h+Q+Q==",
      "license": "MIT",
      "dependencies": {
        "sodium-native": "^5.0.1"
      },
      "peerDependencies": {
        "sodium-javascript": "~0.8.0"
      },
      "peerDependenciesMeta": {
        "sodium-javascript": {
          "optional": true
        }
      }
    },
    "node_modules/streamx": {
      "version": "2.25.0",
      "resolved": "https://registry.npmjs.org/streamx/-/streamx-2.25.0.tgz",
      "integrity": "sha512-0nQuG6jf1w+wddNEEXCF4nTg3LtufWINB5eFEN+5TNZW7KWJp6x87+JFL43vaAUPyCfH1wID+mNVyW6OHtFamg==",
      "license": "MIT",
      "dependencies": {
        "events-universal": "^1.0.0",
        "fast-fifo": "^1.3.2",
        "text-decoder": "^1.1.0"
      }
    },
    "node_modules/teex": {
      "version": "1.0.1",
      "resolved": "https://registry.npmjs.org/teex/-/teex-1.0.1.tgz",
      "integrity": "sha512-eYE6iEI62Ni1H8oIa7KlDU6uQBtqr4Eajni3wX7rpfXD8ysFx8z0+dri+KWEPWpBsxXfxu58x/0jvTVT1ekOSg==",
      "license": "MIT",
      "dependencies": {
        "streamx": "^2.12.5"
      }
    },
    "node_modules/text-decoder": {
      "version": "1.2.7",
      "resolved": "https://registry.npmjs.org/text-decoder/-/text-decoder-1.2.7.tgz",
      "integrity": "sha512-vlLytXkeP4xvEq2otHeJfSQIRyWxo/oZGEbXrtEEF9Hnmrdly59sUbzZ/QgyWuLYHctCHxFF4tRQZNQ9k60ExQ==",
      "license": "Apache-2.0",
      "dependencies": {
        "b4a": "^1.6.4"
      }
    },
    "node_modules/tslib": {
      "version": "2.7.0",
      "resolved": "https://registry.npmjs.org/tslib/-/tslib-2.7.0.tgz",
      "integrity": "sha512-gLXCKdN1/j47AiHiOkJN69hJmcbGTHI0ImLmbYLHykhgeN0jVGola9yVjFgzCUklsZQMW55o+dW7IXv3RCXDzA==",
      "license": "0BSD"
    },
    "node_modules/udx-native": {
      "version": "1.19.2",
      "resolved": "https://registry.npmjs.org/udx-native/-/udx-native-1.19.2.tgz",
      "integrity": "sha512-RNYh+UhfryCsF5hE2ZOuIqcZ+qdipXK3UsarwxWJwsUQZFE3ybwz0mPjwb5ev1PMBcjFahWiepS/q0wwL51c2g==",
      "license": "Apache-2.0",
      "dependencies": {
        "b4a": "^1.5.0",
        "bare-events": "^2.2.0",
        "require-addon": "^1.1.0",
        "streamx": "^2.22.0"
      },
      "engines": {
        "bare": ">=1.17.4"
      }
    },
    "node_modules/undici-types": {
      "version": "6.19.8",
      "resolved": "https://registry.npmjs.org/undici-types/-/undici-types-6.19.8.tgz",
      "integrity": "sha512-ve2KP6f/JnbPBFyobGHuerC9g1FYGn/F8n1LWTwNxCEzd6IfqTwUQcNXgEtmmQ6DlRrC1hrSrBnCZPokRrDHjw==",
      "license": "MIT"
    },
    "node_modules/which-runtime": {
      "version": "1.3.2",
      "resolved": "https://registry.npmjs.org/which-runtime/-/which-runtime-1.3.2.tgz",
      "integrity": "sha512-5kwCfWml7+b2NO7KrLMhYihjRx0teKkd3yGp1Xk5Vaf2JGdSh+rgVhEALAD9c/59dP+YwJHXoEO7e8QPy7gOkw==",
      "license": "Apache-2.0"
    },
    "node_modules/ws": {
      "version": "8.17.1",
      "resolved": "https://registry.npmjs.org/ws/-/ws-8.17.1.tgz",
      "integrity": "sha512-6XQFvXTkbfUOZOKKILFG1PDK2NDQs4azKQl26T0YS5CxqWLgXajbPZ+h4gZekJyRqFU8pvnbAbbs/3TgRPy+GQ==",
      "license": "MIT",
      "engines": {
        "node": ">=10.0.0"
      },
      "peerDependencies": {
        "bufferutil": "^4.0.1",
        "utf-8-validate": ">=5.0.2"
      },
      "peerDependenciesMeta": {
        "bufferutil": {
          "optional": true
        },
        "utf-8-validate": {
          "optional": true
        }
      }
    }
  }
}
