{
  "name": "@getmem/openclaw-getmem",
  "version": "1.0.0",
  "lockfileVersion": 3,
  "requires": true,
  "packages": {
    "": {
      "name": "@getmem/openclaw-getmem",
      "version": "1.0.0",
      "license": "MIT",
      "dependencies": {
        "getmem-ai": "^0.0.1"
      },
      "devDependencies": {
        "typescript": "^5.4.0"
      }
    },
    "node_modules/getmem-ai": {
      "version": "0.0.1",
      "resolved": "https://registry.npmjs.org/getmem-ai/-/getmem-ai-0.0.1.tgz",
      "integrity": "sha512-XJ/DKQRerF0pdqTE6OOfHXFFNXUIfMA2T+p0B6QKbtfnFqqbzVfzy8T8tM8pLBKwqT/2o7DnCGgekVDkveRxcg==",
      "license": "MIT"
    },
    "node_modules/typescript": {
      "version": "5.9.3",
      "resolved": "https://registry.npmjs.org/typescript/-/typescript-5.9.3.tgz",
      "integrity": "sha512-jl1vZzPDinLr9eUt3J/t7V6FgNEw9QjvBPdysz9KfQDD41fQrC2Y4vKQdiaUpFT4bXlb1RHhLpp8wtm6M5TgSw==",
      "dev": true,
      "license": "Apache-2.0",
      "bin": {
        "tsc": "bin/tsc",
        "tsserver": "bin/tsserver"
      },
      "engines": {
        "node": ">=14.17"
      }
    }
  }
}
