{
  "name": "exchange-onprem-mail-calendar-skill",
  "version": "0.2.0",
  "lockfileVersion": 3,
  "requires": true,
  "packages": {
    "": {
      "name": "exchange-onprem-mail-calendar-skill",
      "version": "0.2.0",
      "dependencies": {
        "httpntlm": "^1.8.13"
      }
    },
    "node_modules/des.js": {
      "version": "1.1.0",
      "resolved": "https://registry.npmjs.org/des.js/-/des.js-1.1.0.tgz",
      "integrity": "sha512-r17GxjhUCjSRy8aiJpr8/UadFIzMzJGexI3Nmz4ADi9LYSFx4gTBp80+NaX/YsXWWLhpZ7v/v/ubEc/bCNfKwg==",
      "license": "MIT",
      "dependencies": {
        "inherits": "^2.0.1",
        "minimalistic-assert": "^1.0.0"
      }
    },
    "node_modules/httpntlm": {
      "version": "1.8.13",
      "resolved": "https://registry.npmjs.org/httpntlm/-/httpntlm-1.8.13.tgz",
      "integrity": "sha512-2F2FDPiWT4rewPzNMg3uPhNkP3NExENlUGADRUDPQvuftuUTGW98nLZtGemCIW3G40VhWZYgkIDcQFAwZ3mf2Q==",
      "funding": [
        {
          "type": "paypal",
          "url": "https://www.paypal.com/donate/?hosted_button_id=2CKNJLZJBW8ZC"
        },
        {
          "type": "buymeacoffee",
          "url": "https://www.buymeacoffee.com/samdecrock"
        }
      ],
      "dependencies": {
        "des.js": "^1.0.1",
        "httpreq": ">=0.4.22",
        "js-md4": "^0.3.2",
        "underscore": "~1.12.1"
      },
      "engines": {
        "node": ">=10.4.0"
      }
    },
    "node_modules/httpreq": {
      "version": "1.1.1",
      "resolved": "https://registry.npmjs.org/httpreq/-/httpreq-1.1.1.tgz",
      "integrity": "sha512-uhSZLPPD2VXXOSN8Cni3kIsoFHaU2pT/nySEU/fHr/ePbqHYr0jeiQRmUKLEirC09SFPsdMoA7LU7UXMd/w0Kw==",
      "license": "MIT",
      "engines": {
        "node": ">= 6.15.1"
      }
    },
    "node_modules/inherits": {
      "version": "2.0.4",
      "resolved": "https://registry.npmjs.org/inherits/-/inherits-2.0.4.tgz",
      "integrity": "sha512-k/vGaX4/Yla3WzyMCvTQOXYeIHvqOKtnqBduzTHpzpQZzAskKMhZ2K+EnBiSM9zGSoIFeMpXKxa4dYeZIQqewQ==",
      "license": "ISC"
    },
    "node_modules/js-md4": {
      "version": "0.3.2",
      "resolved": "https://registry.npmjs.org/js-md4/-/js-md4-0.3.2.tgz",
      "integrity": "sha512-/GDnfQYsltsjRswQhN9fhv3EMw2sCpUdrdxyWDOUK7eyD++r3gRhzgiQgc/x4MAv2i1iuQ4lxO5mvqM3vj4bwA==",
      "license": "MIT"
    },
    "node_modules/minimalistic-assert": {
      "version": "1.0.1",
      "resolved": "https://registry.npmjs.org/minimalistic-assert/-/minimalistic-assert-1.0.1.tgz",
      "integrity": "sha512-UtJcAD4yEaGtjPezWuO9wC4nwUnVH/8/Im3yEHQP4b67cXlD/Qr9hdITCU1xDbSEXg2XKNaP8jsReV7vQd00/A==",
      "license": "ISC"
    },
    "node_modules/underscore": {
      "version": "1.12.1",
      "resolved": "https://registry.npmjs.org/underscore/-/underscore-1.12.1.tgz",
      "integrity": "sha512-hEQt0+ZLDVUMhebKxL4x1BTtDY7bavVofhZ9KZ4aI26X9SRaE+Y3m83XUL1UP2jn8ynjndwCCpEHdUG+9pP1Tw==",
      "license": "MIT"
    }
  }
}
