{
  "name": "relay-to-agent",
  "version": "1.0.0",
  "lockfileVersion": 3,
  "requires": true,
  "packages": {
    "": {
      "name": "relay-to-agent",
      "version": "1.0.0",
      "license": "ISC",
      "dependencies": {
        "openai-fetch": "^3.4.2"
      }
    },
    "node_modules/ky": {
      "version": "1.14.3",
      "resolved": "https://registry.npmjs.org/ky/-/ky-1.14.3.tgz",
      "integrity": "sha512-9zy9lkjac+TR1c2tG+mkNSVlyOpInnWdSMiue4F+kq8TwJSgv6o8jhLRg8Ho6SnZ9wOYUq/yozts9qQCfk7bIw==",
      "license": "MIT",
      "engines": {
        "node": ">=18"
      },
      "funding": {
        "url": "https://github.com/sindresorhus/ky?sponsor=1"
      }
    },
    "node_modules/openai-fetch": {
      "version": "3.4.2",
      "resolved": "https://registry.npmjs.org/openai-fetch/-/openai-fetch-3.4.2.tgz",
      "integrity": "sha512-8EcOGJk/JXFaoGjeFM53Z3zBnwOpKtZeu5X0wts67WqA1PTnsmwRgUw9aGAsQ5V6cuTfJUv282h1ypFgDGPDSA==",
      "license": "MIT",
      "dependencies": {
        "ky": "^1.7.4"
      },
      "engines": {
        "node": ">=18"
      }
    }
  }
}
