{
  "name": "scripts",
  "lockfileVersion": 3,
  "requires": true,
  "packages": {
    "": {
      "dependencies": {
        "bring-shopping": "^2.0.1"
      }
    },
    "node_modules/bring-shopping": {
      "version": "2.0.1",
      "resolved": "https://registry.npmjs.org/bring-shopping/-/bring-shopping-2.0.1.tgz",
      "integrity": "sha512-Ak1uqyFLwjpsgsUUHGBAoYbK4NRSPmTNwm4Xk61HYxjdN9WbZAkJwuDgemUJomuJC52MqRsCLTHSJbmcHqVqlA==",
      "license": "MIT",
      "engines": {
        "node": ">=18.0.0"
      }
    }
  }
}
