{
  "name": "vector-skill",
  "version": "0.1.8",
  "lockfileVersion": 3,
  "requires": true,
  "packages": {
    "": {
      "name": "vector-skill",
      "version": "0.1.8",
      "dependencies": {
        "@noble/curves": "^2.0.1",
        "@noble/hashes": "^2.0.1",
        "@unicitylabs/sphere-sdk": "^0.5.4"
      },
      "devDependencies": {
        "@types/node": "^22.0.0",
        "tsx": "^4.21.0",
        "typescript": "^5.9.3"
      }
    },
    "node_modules/@chainsafe/is-ip": {
      "version": "2.1.0",
      "resolved": "https://registry.npmjs.org/@chainsafe/is-ip/-/is-ip-2.1.0.tgz",
      "integrity": "sha512-KIjt+6IfysQ4GCv66xihEitBjvhU/bixbbbFxdJ1sqCp4uJ0wuZiYBPhksZoy4lfaF0k9cwNzY5upEW/VWdw3w==",
      "license": "MIT",
      "optional": true
    },
    "node_modules/@dnsquery/dns-packet": {
      "version": "6.1.1",
      "resolved": "https://registry.npmjs.org/@dnsquery/dns-packet/-/dns-packet-6.1.1.tgz",
      "integrity": "sha512-WXTuFvL3G+74SchFAtz3FgIYVOe196ycvGsMgvSH/8Goptb1qpIQtIuM4SOK9G9lhMWYpHxnXyy544ZhluFOew==",
      "license": "MIT",
      "optional": true,
      "dependencies": {
        "@leichtgewicht/ip-codec": "^2.0.4",
        "utf8-codec": "^1.0.0"
      },
      "engines": {
        "node": ">=6"
      }
    },
    "node_modules/@esbuild/aix-ppc64": {
      "version": "0.27.3",
      "resolved": "https://registry.npmjs.org/@esbuild/aix-ppc64/-/aix-ppc64-0.27.3.tgz",
      "integrity": "sha512-9fJMTNFTWZMh5qwrBItuziu834eOCUcEqymSH7pY+zoMVEZg3gcPuBNxH1EvfVYe9h0x/Ptw8KBzv7qxb7l8dg==",
      "cpu": [
        "ppc64"
      ],
      "dev": true,
      "license": "MIT",
      "optional": true,
      "os": [
        "aix"
      ],
      "engines": {
        "node": ">=18"
      }
    },
    "node_modules/@esbuild/android-arm": {
      "version": "0.27.3",
      "resolved": "https://registry.npmjs.org/@esbuild/android-arm/-/android-arm-0.27.3.tgz",
      "integrity": "sha512-i5D1hPY7GIQmXlXhs2w8AWHhenb00+GxjxRncS2ZM7YNVGNfaMxgzSGuO8o8SJzRc/oZwU2bcScvVERk03QhzA==",
      "cpu": [
        "arm"
      ],
      "dev": true,
      "license": "MIT",
      "optional": true,
      "os": [
        "android"
      ],
      "engines": {
        "node": ">=18"
      }
    },
    "node_modules/@esbuild/android-arm64": {
      "version": "0.27.3",
      "resolved": "https://registry.npmjs.org/@esbuild/android-arm64/-/android-arm64-0.27.3.tgz",
      "integrity": "sha512-YdghPYUmj/FX2SYKJ0OZxf+iaKgMsKHVPF1MAq/P8WirnSpCStzKJFjOjzsW0QQ7oIAiccHdcqjbHmJxRb/dmg==",
      "cpu": [
        "arm64"
      ],
      "dev": true,
      "license": "MIT",
      "optional": true,
      "os": [
        "android"
      ],
      "engines": {
        "node": ">=18"
      }
    },
    "node_modules/@esbuild/android-x64": {
      "version": "0.27.3",
      "resolved": "https://registry.npmjs.org/@esbuild/android-x64/-/android-x64-0.27.3.tgz",
      "integrity": "sha512-IN/0BNTkHtk8lkOM8JWAYFg4ORxBkZQf9zXiEOfERX/CzxW3Vg1ewAhU7QSWQpVIzTW+b8Xy+lGzdYXV6UZObQ==",
      "cpu": [
        "x64"
      ],
      "dev": true,
      "license": "MIT",
      "optional": true,
      "os": [
        "android"
      ],
      "engines": {
        "node": ">=18"
      }
    },
    "node_modules/@esbuild/darwin-arm64": {
      "version": "0.27.3",
      "resolved": "https://registry.npmjs.org/@esbuild/darwin-arm64/-/darwin-arm64-0.27.3.tgz",
      "integrity": "sha512-Re491k7ByTVRy0t3EKWajdLIr0gz2kKKfzafkth4Q8A5n1xTHrkqZgLLjFEHVD+AXdUGgQMq+Godfq45mGpCKg==",
      "cpu": [
        "arm64"
      ],
      "dev": true,
      "license": "MIT",
      "optional": true,
      "os": [
        "darwin"
      ],
      "engines": {
        "node": ">=18"
      }
    },
    "node_modules/@esbuild/darwin-x64": {
      "version": "0.27.3",
      "resolved": "https://registry.npmjs.org/@esbuild/darwin-x64/-/darwin-x64-0.27.3.tgz",
      "integrity": "sha512-vHk/hA7/1AckjGzRqi6wbo+jaShzRowYip6rt6q7VYEDX4LEy1pZfDpdxCBnGtl+A5zq8iXDcyuxwtv3hNtHFg==",
      "cpu": [
        "x64"
      ],
      "dev": true,
      "license": "MIT",
      "optional": true,
      "os": [
        "darwin"
      ],
      "engines": {
        "node": ">=18"
      }
    },
    "node_modules/@esbuild/freebsd-arm64": {
      "version": "0.27.3",
      "resolved": "https://registry.npmjs.org/@esbuild/freebsd-arm64/-/freebsd-arm64-0.27.3.tgz",
      "integrity": "sha512-ipTYM2fjt3kQAYOvo6vcxJx3nBYAzPjgTCk7QEgZG8AUO3ydUhvelmhrbOheMnGOlaSFUoHXB6un+A7q4ygY9w==",
      "cpu": [
        "arm64"
      ],
      "dev": true,
      "license": "MIT",
      "optional": true,
      "os": [
        "freebsd"
      ],
      "engines": {
        "node": ">=18"
      }
    },
    "node_modules/@esbuild/freebsd-x64": {
      "version": "0.27.3",
      "resolved": "https://registry.npmjs.org/@esbuild/freebsd-x64/-/freebsd-x64-0.27.3.tgz",
      "integrity": "sha512-dDk0X87T7mI6U3K9VjWtHOXqwAMJBNN2r7bejDsc+j03SEjtD9HrOl8gVFByeM0aJksoUuUVU9TBaZa2rgj0oA==",
      "cpu": [
        "x64"
      ],
      "dev": true,
      "license": "MIT",
      "optional": true,
      "os": [
        "freebsd"
      ],
      "engines": {
        "node": ">=18"
      }
    },
    "node_modules/@esbuild/linux-arm": {
      "version": "0.27.3",
      "resolved": "https://registry.npmjs.org/@esbuild/linux-arm/-/linux-arm-0.27.3.tgz",
      "integrity": "sha512-s6nPv2QkSupJwLYyfS+gwdirm0ukyTFNl3KTgZEAiJDd+iHZcbTPPcWCcRYH+WlNbwChgH2QkE9NSlNrMT8Gfw==",
      "cpu": [
        "arm"
      ],
      "dev": true,
      "license": "MIT",
      "optional": true,
      "os": [
        "linux"
      ],
      "engines": {
        "node": ">=18"
      }
    },
    "node_modules/@esbuild/linux-arm64": {
      "version": "0.27.3",
      "resolved": "https://registry.npmjs.org/@esbuild/linux-arm64/-/linux-arm64-0.27.3.tgz",
      "integrity": "sha512-sZOuFz/xWnZ4KH3YfFrKCf1WyPZHakVzTiqji3WDc0BCl2kBwiJLCXpzLzUBLgmp4veFZdvN5ChW4Eq/8Fc2Fg==",
      "cpu": [
        "arm64"
      ],
      "dev": true,
      "license": "MIT",
      "optional": true,
      "os": [
        "linux"
      ],
      "engines": {
        "node": ">=18"
      }
    },
    "node_modules/@esbuild/linux-ia32": {
      "version": "0.27.3",
      "resolved": "https://registry.npmjs.org/@esbuild/linux-ia32/-/linux-ia32-0.27.3.tgz",
      "integrity": "sha512-yGlQYjdxtLdh0a3jHjuwOrxQjOZYD/C9PfdbgJJF3TIZWnm/tMd/RcNiLngiu4iwcBAOezdnSLAwQDPqTmtTYg==",
      "cpu": [
        "ia32"
      ],
      "dev": true,
      "license": "MIT",
      "optional": true,
      "os": [
        "linux"
      ],
      "engines": {
        "node": ">=18"
      }
    },
    "node_modules/@esbuild/linux-loong64": {
      "version": "0.27.3",
      "resolved": "https://registry.npmjs.org/@esbuild/linux-loong64/-/linux-loong64-0.27.3.tgz",
      "integrity": "sha512-WO60Sn8ly3gtzhyjATDgieJNet/KqsDlX5nRC5Y3oTFcS1l0KWba+SEa9Ja1GfDqSF1z6hif/SkpQJbL63cgOA==",
      "cpu": [
        "loong64"
      ],
      "dev": true,
      "license": "MIT",
      "optional": true,
      "os": [
        "linux"
      ],
      "engines": {
        "node": ">=18"
      }
    },
    "node_modules/@esbuild/linux-mips64el": {
      "version": "0.27.3",
      "resolved": "https://registry.npmjs.org/@esbuild/linux-mips64el/-/linux-mips64el-0.27.3.tgz",
      "integrity": "sha512-APsymYA6sGcZ4pD6k+UxbDjOFSvPWyZhjaiPyl/f79xKxwTnrn5QUnXR5prvetuaSMsb4jgeHewIDCIWljrSxw==",
      "cpu": [
        "mips64el"
      ],
      "dev": true,
      "license": "MIT",
      "optional": true,
      "os": [
        "linux"
      ],
      "engines": {
        "node": ">=18"
      }
    },
    "node_modules/@esbuild/linux-ppc64": {
      "version": "0.27.3",
      "resolved": "https://registry.npmjs.org/@esbuild/linux-ppc64/-/linux-ppc64-0.27.3.tgz",
      "integrity": "sha512-eizBnTeBefojtDb9nSh4vvVQ3V9Qf9Df01PfawPcRzJH4gFSgrObw+LveUyDoKU3kxi5+9RJTCWlj4FjYXVPEA==",
      "cpu": [
        "ppc64"
      ],
      "dev": true,
      "license": "MIT",
      "optional": true,
      "os": [
        "linux"
      ],
      "engines": {
        "node": ">=18"
      }
    },
    "node_modules/@esbuild/linux-riscv64": {
      "version": "0.27.3",
      "resolved": "https://registry.npmjs.org/@esbuild/linux-riscv64/-/linux-riscv64-0.27.3.tgz",
      "integrity": "sha512-3Emwh0r5wmfm3ssTWRQSyVhbOHvqegUDRd0WhmXKX2mkHJe1SFCMJhagUleMq+Uci34wLSipf8Lagt4LlpRFWQ==",
      "cpu": [
        "riscv64"
      ],
      "dev": true,
      "license": "MIT",
      "optional": true,
      "os": [
        "linux"
      ],
      "engines": {
        "node": ">=18"
      }
    },
    "node_modules/@esbuild/linux-s390x": {
      "version": "0.27.3",
      "resolved": "https://registry.npmjs.org/@esbuild/linux-s390x/-/linux-s390x-0.27.3.tgz",
      "integrity": "sha512-pBHUx9LzXWBc7MFIEEL0yD/ZVtNgLytvx60gES28GcWMqil8ElCYR4kvbV2BDqsHOvVDRrOxGySBM9Fcv744hw==",
      "cpu": [
        "s390x"
      ],
      "dev": true,
      "license": "MIT",
      "optional": true,
      "os": [
        "linux"
      ],
      "engines": {
        "node": ">=18"
      }
    },
    "node_modules/@esbuild/linux-x64": {
      "version": "0.27.3",
      "resolved": "https://registry.npmjs.org/@esbuild/linux-x64/-/linux-x64-0.27.3.tgz",
      "integrity": "sha512-Czi8yzXUWIQYAtL/2y6vogER8pvcsOsk5cpwL4Gk5nJqH5UZiVByIY8Eorm5R13gq+DQKYg0+JyQoytLQas4dA==",
      "cpu": [
        "x64"
      ],
      "dev": true,
      "license": "MIT",
      "optional": true,
      "os": [
        "linux"
      ],
      "engines": {
        "node": ">=18"
      }
    },
    "node_modules/@esbuild/netbsd-arm64": {
      "version": "0.27.3",
      "resolved": "https://registry.npmjs.org/@esbuild/netbsd-arm64/-/netbsd-arm64-0.27.3.tgz",
      "integrity": "sha512-sDpk0RgmTCR/5HguIZa9n9u+HVKf40fbEUt+iTzSnCaGvY9kFP0YKBWZtJaraonFnqef5SlJ8/TiPAxzyS+UoA==",
      "cpu": [
        "arm64"
      ],
      "dev": true,
      "license": "MIT",
      "optional": true,
      "os": [
        "netbsd"
      ],
      "engines": {
        "node": ">=18"
      }
    },
    "node_modules/@esbuild/netbsd-x64": {
      "version": "0.27.3",
      "resolved": "https://registry.npmjs.org/@esbuild/netbsd-x64/-/netbsd-x64-0.27.3.tgz",
      "integrity": "sha512-P14lFKJl/DdaE00LItAukUdZO5iqNH7+PjoBm+fLQjtxfcfFE20Xf5CrLsmZdq5LFFZzb5JMZ9grUwvtVYzjiA==",
      "cpu": [
        "x64"
      ],
      "dev": true,
      "license": "MIT",
      "optional": true,
      "os": [
        "netbsd"
      ],
      "engines": {
        "node": ">=18"
      }
    },
    "node_modules/@esbuild/openbsd-arm64": {
      "version": "0.27.3",
      "resolved": "https://registry.npmjs.org/@esbuild/openbsd-arm64/-/openbsd-arm64-0.27.3.tgz",
      "integrity": "sha512-AIcMP77AvirGbRl/UZFTq5hjXK+2wC7qFRGoHSDrZ5v5b8DK/GYpXW3CPRL53NkvDqb9D+alBiC/dV0Fb7eJcw==",
      "cpu": [
        "arm64"
      ],
      "dev": true,
      "license": "MIT",
      "optional": true,
      "os": [
        "openbsd"
      ],
      "engines": {
        "node": ">=18"
      }
    },
    "node_modules/@esbuild/openbsd-x64": {
      "version": "0.27.3",
      "resolved": "https://registry.npmjs.org/@esbuild/openbsd-x64/-/openbsd-x64-0.27.3.tgz",
      "integrity": "sha512-DnW2sRrBzA+YnE70LKqnM3P+z8vehfJWHXECbwBmH/CU51z6FiqTQTHFenPlHmo3a8UgpLyH3PT+87OViOh1AQ==",
      "cpu": [
        "x64"
      ],
      "dev": true,
      "license": "MIT",
      "optional": true,
      "os": [
        "openbsd"
      ],
      "engines": {
        "node": ">=18"
      }
    },
    "node_modules/@esbuild/openharmony-arm64": {
      "version": "0.27.3",
      "resolved": "https://registry.npmjs.org/@esbuild/openharmony-arm64/-/openharmony-arm64-0.27.3.tgz",
      "integrity": "sha512-NinAEgr/etERPTsZJ7aEZQvvg/A6IsZG/LgZy+81wON2huV7SrK3e63dU0XhyZP4RKGyTm7aOgmQk0bGp0fy2g==",
      "cpu": [
        "arm64"
      ],
      "dev": true,
      "license": "MIT",
      "optional": true,
      "os": [
        "openharmony"
      ],
      "engines": {
        "node": ">=18"
      }
    },
    "node_modules/@esbuild/sunos-x64": {
      "version": "0.27.3",
      "resolved": "https://registry.npmjs.org/@esbuild/sunos-x64/-/sunos-x64-0.27.3.tgz",
      "integrity": "sha512-PanZ+nEz+eWoBJ8/f8HKxTTD172SKwdXebZ0ndd953gt1HRBbhMsaNqjTyYLGLPdoWHy4zLU7bDVJztF5f3BHA==",
      "cpu": [
        "x64"
      ],
      "dev": true,
      "license": "MIT",
      "optional": true,
      "os": [
        "sunos"
      ],
      "engines": {
        "node": ">=18"
      }
    },
    "node_modules/@esbuild/win32-arm64": {
      "version": "0.27.3",
      "resolved": "https://registry.npmjs.org/@esbuild/win32-arm64/-/win32-arm64-0.27.3.tgz",
      "integrity": "sha512-B2t59lWWYrbRDw/tjiWOuzSsFh1Y/E95ofKz7rIVYSQkUYBjfSgf6oeYPNWHToFRr2zx52JKApIcAS/D5TUBnA==",
      "cpu": [
        "arm64"
      ],
      "dev": true,
      "license": "MIT",
      "optional": true,
      "os": [
        "win32"
      ],
      "engines": {
        "node": ">=18"
      }
    },
    "node_modules/@esbuild/win32-ia32": {
      "version": "0.27.3",
      "resolved": "https://registry.npmjs.org/@esbuild/win32-ia32/-/win32-ia32-0.27.3.tgz",
      "integrity": "sha512-QLKSFeXNS8+tHW7tZpMtjlNb7HKau0QDpwm49u0vUp9y1WOF+PEzkU84y9GqYaAVW8aH8f3GcBck26jh54cX4Q==",
      "cpu": [
        "ia32"
      ],
      "dev": true,
      "license": "MIT",
      "optional": true,
      "os": [
        "win32"
      ],
      "engines": {
        "node": ">=18"
      }
    },
    "node_modules/@esbuild/win32-x64": {
      "version": "0.27.3",
      "resolved": "https://registry.npmjs.org/@esbuild/win32-x64/-/win32-x64-0.27.3.tgz",
      "integrity": "sha512-4uJGhsxuptu3OcpVAzli+/gWusVGwZZHTlS63hh++ehExkVT8SgiEf7/uC/PclrPPkLhZqGgCTjd0VWLo6xMqA==",
      "cpu": [
        "x64"
      ],
      "dev": true,
      "license": "MIT",
      "optional": true,
      "os": [
        "win32"
      ],
      "engines": {
        "node": ">=18"
      }
    },
    "node_modules/@leichtgewicht/ip-codec": {
      "version": "2.0.5",
      "resolved": "https://registry.npmjs.org/@leichtgewicht/ip-codec/-/ip-codec-2.0.5.tgz",
      "integrity": "sha512-Vo+PSpZG2/fmgmiNzYK9qWRh8h/CHrwD0mo1h1DzL4yzHNSfWYujGTYsWGreD000gcgmZ7K4Ys6Tx9TxtsKdDw==",
      "license": "MIT",
      "optional": true
    },
    "node_modules/@libp2p/crypto": {
      "version": "5.1.13",
      "resolved": "https://registry.npmjs.org/@libp2p/crypto/-/crypto-5.1.13.tgz",
      "integrity": "sha512-8NN9cQP3jDn+p9+QE9ByiEoZ2lemDFf/unTgiKmS3JF93ph240EUVdbCyyEgOMfykzb0okTM4gzvwfx9osJebQ==",
      "license": "Apache-2.0 OR MIT",
      "optional": true,
      "dependencies": {
        "@libp2p/interface": "^3.1.0",
        "@noble/curves": "^2.0.1",
        "@noble/hashes": "^2.0.1",
        "multiformats": "^13.4.0",
        "protons-runtime": "^5.6.0",
        "uint8arraylist": "^2.4.8",
        "uint8arrays": "^5.1.0"
      }
    },
    "node_modules/@libp2p/interface": {
      "version": "3.1.0",
      "resolved": "https://registry.npmjs.org/@libp2p/interface/-/interface-3.1.0.tgz",
      "integrity": "sha512-RE7/XyvC47fQBe1cHxhMvepYKa5bFCUyFrrpj8PuM0E7JtzxU7F+Du5j4VXbg2yLDcToe0+j8mB7jvwE2AThYw==",
      "license": "Apache-2.0 OR MIT",
      "optional": true,
      "dependencies": {
        "@multiformats/dns": "^1.0.6",
        "@multiformats/multiaddr": "^13.0.1",
        "main-event": "^1.0.1",
        "multiformats": "^13.4.0",
        "progress-events": "^1.0.1",
        "uint8arraylist": "^2.4.8"
      }
    },
    "node_modules/@libp2p/logger": {
      "version": "6.2.2",
      "resolved": "https://registry.npmjs.org/@libp2p/logger/-/logger-6.2.2.tgz",
      "integrity": "sha512-XtanXDT+TuMuZoCK760HGV1AmJsZbwAw5AiRUxWDbsZPwAroYq64nb41AHRu9Gyc0TK9YD+p72+5+FIxbw0hzw==",
      "license": "Apache-2.0 OR MIT",
      "optional": true,
      "dependencies": {
        "@libp2p/interface": "^3.1.0",
        "@multiformats/multiaddr": "^13.0.1",
        "interface-datastore": "^9.0.1",
        "multiformats": "^13.4.0",
        "weald": "^1.1.0"
      }
    },
    "node_modules/@libp2p/peer-id": {
      "version": "6.0.4",
      "resolved": "https://registry.npmjs.org/@libp2p/peer-id/-/peer-id-6.0.4.tgz",
      "integrity": "sha512-Z3xK0lwwKn4bPg3ozEpPr1HxsRi2CxZdghOL+MXoFah/8uhJJHxHFA8A/jxtKn4BB8xkk6F8R5vKNIS05yaCYw==",
      "license": "Apache-2.0 OR MIT",
      "optional": true,
      "dependencies": {
        "@libp2p/crypto": "^5.1.13",
        "@libp2p/interface": "^3.1.0",
        "multiformats": "^13.4.0",
        "uint8arrays": "^5.1.0"
      }
    },
    "node_modules/@multiformats/dns": {
      "version": "1.0.13",
      "resolved": "https://registry.npmjs.org/@multiformats/dns/-/dns-1.0.13.tgz",
      "integrity": "sha512-yr4bxtA3MbvJ+2461kYIYMsiiZj/FIqKI64hE4SdvWJUdWF9EtZLar38juf20Sf5tguXKFUruluswAO6JsjS2w==",
      "license": "Apache-2.0 OR MIT",
      "optional": true,
      "dependencies": {
        "@dnsquery/dns-packet": "^6.1.1",
        "@libp2p/interface": "^3.1.0",
        "hashlru": "^2.3.0",
        "p-queue": "^9.0.0",
        "progress-events": "^1.0.0",
        "uint8arrays": "^5.0.2"
      }
    },
    "node_modules/@multiformats/multiaddr": {
      "version": "13.0.1",
      "resolved": "https://registry.npmjs.org/@multiformats/multiaddr/-/multiaddr-13.0.1.tgz",
      "integrity": "sha512-XToN915cnfr6Lr9EdGWakGJbPT0ghpg/850HvdC+zFX8XvpLZElwa8synCiwa8TuvKNnny6m8j8NVBNCxhIO3g==",
      "license": "Apache-2.0 OR MIT",
      "optional": true,
      "dependencies": {
        "@chainsafe/is-ip": "^2.0.1",
        "multiformats": "^13.0.0",
        "uint8-varint": "^2.0.1",
        "uint8arrays": "^5.0.0"
      }
    },
    "node_modules/@noble/ciphers": {
      "version": "1.3.0",
      "resolved": "https://registry.npmjs.org/@noble/ciphers/-/ciphers-1.3.0.tgz",
      "integrity": "sha512-2I0gnIVPtfnMw9ee9h1dJG7tp81+8Ob3OJb3Mv37rx5L40/b0i7djjCVvGOVqc9AEIQyvyu1i6ypKdFw8R8gQw==",
      "license": "MIT",
      "engines": {
        "node": "^14.21.3 || >=16"
      },
      "funding": {
        "url": "https://paulmillr.com/funding/"
      }
    },
    "node_modules/@noble/curves": {
      "version": "2.0.1",
      "resolved": "https://registry.npmjs.org/@noble/curves/-/curves-2.0.1.tgz",
      "integrity": "sha512-vs1Az2OOTBiP4q0pwjW5aF0xp9n4MxVrmkFBxc6EKZc6ddYx5gaZiAsZoq0uRRXWbi3AT/sBqn05eRPtn1JCPw==",
      "license": "MIT",
      "dependencies": {
        "@noble/hashes": "2.0.1"
      },
      "engines": {
        "node": ">= 20.19.0"
      },
      "funding": {
        "url": "https://paulmillr.com/funding/"
      }
    },
    "node_modules/@noble/hashes": {
      "version": "2.0.1",
      "resolved": "https://registry.npmjs.org/@noble/hashes/-/hashes-2.0.1.tgz",
      "integrity": "sha512-XlOlEbQcE9fmuXxrVTXCTlG2nlRXa9Rj3rr5Ue/+tX+nmkgbX720YHh0VR3hBF9xDvwnb8D2shVGOwNx+ulArw==",
      "license": "MIT",
      "engines": {
        "node": ">= 20.19.0"
      },
      "funding": {
        "url": "https://paulmillr.com/funding/"
      }
    },
    "node_modules/@scure/base": {
      "version": "1.2.6",
      "resolved": "https://registry.npmjs.org/@scure/base/-/base-1.2.6.tgz",
      "integrity": "sha512-g/nm5FgUa//MCj1gV09zTJTaM6KBAHqLN907YVQqf7zC49+DcO4B1so4ZX07Ef10Twr6nuqYEH9GEggFXA4Fmg==",
      "license": "MIT",
      "funding": {
        "url": "https://paulmillr.com/funding/"
      }
    },
    "node_modules/@types/node": {
      "version": "22.19.11",
      "resolved": "https://registry.npmjs.org/@types/node/-/node-22.19.11.tgz",
      "integrity": "sha512-BH7YwL6rA93ReqeQS1c4bsPpcfOmJasG+Fkr6Y59q83f9M1WcBRHR2vM+P9eOisYRcN3ujQoiZY8uk5W+1WL8w==",
      "dev": true,
      "license": "MIT",
      "dependencies": {
        "undici-types": "~6.21.0"
      }
    },
    "node_modules/@unicitylabs/nostr-js-sdk": {
      "version": "0.3.3",
      "resolved": "https://registry.npmjs.org/@unicitylabs/nostr-js-sdk/-/nostr-js-sdk-0.3.3.tgz",
      "integrity": "sha512-1COxkSZI5ENSAO1LZaDZPmplmLjIZXPiyDhkGU2rM7GV9FAP1Qk+xsZNmW7vxgaUB7sftBWMXc2uhHn6LDTOWA==",
      "license": "MIT",
      "dependencies": {
        "@noble/ciphers": "^1.0.0",
        "@noble/curves": "^1.6.0",
        "@noble/hashes": "^1.5.0",
        "@scure/base": "^1.1.9",
        "libphonenumber-js": "^1.11.14"
      },
      "engines": {
        "node": ">=18.0.0"
      }
    },
    "node_modules/@unicitylabs/nostr-js-sdk/node_modules/@noble/curves": {
      "version": "1.9.7",
      "resolved": "https://registry.npmjs.org/@noble/curves/-/curves-1.9.7.tgz",
      "integrity": "sha512-gbKGcRUYIjA3/zCCNaWDciTMFI0dCkvou3TL8Zmy5Nc7sJ47a0jtOeZoTaMxkuqRo9cRhjOdZJXegxYE5FN/xw==",
      "license": "MIT",
      "dependencies": {
        "@noble/hashes": "1.8.0"
      },
      "engines": {
        "node": "^14.21.3 || >=16"
      },
      "funding": {
        "url": "https://paulmillr.com/funding/"
      }
    },
    "node_modules/@unicitylabs/nostr-js-sdk/node_modules/@noble/hashes": {
      "version": "1.8.0",
      "resolved": "https://registry.npmjs.org/@noble/hashes/-/hashes-1.8.0.tgz",
      "integrity": "sha512-jCs9ldd7NwzpgXDIf6P3+NrHh9/sD6CQdxHyjQI+h/6rDNo88ypBxxz45UDuZHz9r3tNz7N/VInSVoVdtXEI4A==",
      "license": "MIT",
      "engines": {
        "node": "^14.21.3 || >=16"
      },
      "funding": {
        "url": "https://paulmillr.com/funding/"
      }
    },
    "node_modules/@unicitylabs/sphere-sdk": {
      "version": "0.5.4",
      "resolved": "https://registry.npmjs.org/@unicitylabs/sphere-sdk/-/sphere-sdk-0.5.4.tgz",
      "integrity": "sha512-MdkVAEdU9lWD8WGLerwaMxZZJBv1/BQpwd8cnhowRUY4IRCC6EZVIYJP8soshyWPLUQ1f0E0KFfez9arQc88Sg==",
      "license": "MIT",
      "dependencies": {
        "@noble/curves": "^2.0.1",
        "@noble/hashes": "^2.0.1",
        "@unicitylabs/nostr-js-sdk": "^0.3.3",
        "@unicitylabs/state-transition-sdk": "1.6.1-rc.f37cb85",
        "bip39": "^3.1.0",
        "buffer": "^6.0.3",
        "crypto-js": "^4.2.0",
        "elliptic": "^6.6.1"
      },
      "engines": {
        "node": ">=18.0.0"
      },
      "optionalDependencies": {
        "@libp2p/crypto": "^5.1.13",
        "@libp2p/peer-id": "^6.0.4",
        "ipns": "^10.0.0",
        "multiformats": "^13.4.2"
      },
      "peerDependencies": {
        "@libp2p/crypto": ">=5.0.0",
        "@libp2p/peer-id": ">=6.0.0",
        "ipns": ">=10.0.0",
        "multiformats": ">=13.0.0",
        "ws": ">=8.0.0"
      },
      "peerDependenciesMeta": {
        "@libp2p/crypto": {
          "optional": true
        },
        "@libp2p/peer-id": {
          "optional": true
        },
        "ipns": {
          "optional": true
        },
        "multiformats": {
          "optional": true
        },
        "ws": {
          "optional": true
        }
      }
    },
    "node_modules/@unicitylabs/state-transition-sdk": {
      "version": "1.6.1-rc.f37cb85",
      "resolved": "https://registry.npmjs.org/@unicitylabs/state-transition-sdk/-/state-transition-sdk-1.6.1-rc.f37cb85.tgz",
      "integrity": "sha512-6chybquV+sZPdaqluJhAeceCWyO5SO2K2j8QI/RhN6cbX4wHILumfG3GKm20ubQZTL80yTfj85kMxsbKeUIGUQ==",
      "license": "ISC",
      "dependencies": {
        "@noble/curves": "2.0.1",
        "@noble/hashes": "2.0.1",
        "uuid": "13.0.0"
      }
    },
    "node_modules/base64-js": {
      "version": "1.5.1",
      "resolved": "https://registry.npmjs.org/base64-js/-/base64-js-1.5.1.tgz",
      "integrity": "sha512-AKpaYlHn8t4SVbOHCy+b5+KKgvR4vrsD8vbvrbiQJps7fKDTkjkDry6ji0rUJjC0kzbNePLwzxq8iypo41qeWA==",
      "funding": [
        {
          "type": "github",
          "url": "https://github.com/sponsors/feross"
        },
        {
          "type": "patreon",
          "url": "https://www.patreon.com/feross"
        },
        {
          "type": "consulting",
          "url": "https://feross.org/support"
        }
      ],
      "license": "MIT"
    },
    "node_modules/bip39": {
      "version": "3.1.0",
      "resolved": "https://registry.npmjs.org/bip39/-/bip39-3.1.0.tgz",
      "integrity": "sha512-c9kiwdk45Do5GL0vJMe7tS95VjCii65mYAH7DfWl3uW8AVzXKQVUm64i3hzVybBDMp9r7j9iNxR85+ul8MdN/A==",
      "license": "ISC",
      "dependencies": {
        "@noble/hashes": "^1.2.0"
      }
    },
    "node_modules/bip39/node_modules/@noble/hashes": {
      "version": "1.8.0",
      "resolved": "https://registry.npmjs.org/@noble/hashes/-/hashes-1.8.0.tgz",
      "integrity": "sha512-jCs9ldd7NwzpgXDIf6P3+NrHh9/sD6CQdxHyjQI+h/6rDNo88ypBxxz45UDuZHz9r3tNz7N/VInSVoVdtXEI4A==",
      "license": "MIT",
      "engines": {
        "node": "^14.21.3 || >=16"
      },
      "funding": {
        "url": "https://paulmillr.com/funding/"
      }
    },
    "node_modules/bn.js": {
      "version": "4.12.2",
      "resolved": "https://registry.npmjs.org/bn.js/-/bn.js-4.12.2.tgz",
      "integrity": "sha512-n4DSx829VRTRByMRGdjQ9iqsN0Bh4OolPsFnaZBLcbi8iXcB+kJ9s7EnRt4wILZNV3kPLHkRVfOc/HvhC3ovDw==",
      "license": "MIT"
    },
    "node_modules/brorand": {
      "version": "1.1.0",
      "resolved": "https://registry.npmjs.org/brorand/-/brorand-1.1.0.tgz",
      "integrity": "sha512-cKV8tMCEpQs4hK/ik71d6LrPOnpkpGBR0wzxqr68g2m/LB2GxVYQroAjMJZRVM1Y4BCjCKc3vAamxSzOY2RP+w==",
      "license": "MIT"
    },
    "node_modules/buffer": {
      "version": "6.0.3",
      "resolved": "https://registry.npmjs.org/buffer/-/buffer-6.0.3.tgz",
      "integrity": "sha512-FTiCpNxtwiZZHEZbcbTIcZjERVICn9yq/pDFkTl95/AxzD1naBctN7YO68riM/gLSDY7sdrMby8hofADYuuqOA==",
      "funding": [
        {
          "type": "github",
          "url": "https://github.com/sponsors/feross"
        },
        {
          "type": "patreon",
          "url": "https://www.patreon.com/feross"
        },
        {
          "type": "consulting",
          "url": "https://feross.org/support"
        }
      ],
      "license": "MIT",
      "dependencies": {
        "base64-js": "^1.3.1",
        "ieee754": "^1.2.1"
      }
    },
    "node_modules/cborg": {
      "version": "4.5.8",
      "resolved": "https://registry.npmjs.org/cborg/-/cborg-4.5.8.tgz",
      "integrity": "sha512-6/viltD51JklRhq4L7jC3zgy6gryuG5xfZ3kzpE+PravtyeQLeQmCYLREhQH7pWENg5pY4Yu/XCd6a7dKScVlw==",
      "license": "Apache-2.0",
      "optional": true,
      "bin": {
        "cborg": "lib/bin.js"
      }
    },
    "node_modules/crypto-js": {
      "version": "4.2.0",
      "resolved": "https://registry.npmjs.org/crypto-js/-/crypto-js-4.2.0.tgz",
      "integrity": "sha512-KALDyEYgpY+Rlob/iriUtjV6d5Eq+Y191A5g4UqLAi8CyGP9N1+FdVbkc1SxKc2r4YAYqG8JzO2KGL+AizD70Q==",
      "license": "MIT"
    },
    "node_modules/elliptic": {
      "version": "6.6.1",
      "resolved": "https://registry.npmjs.org/elliptic/-/elliptic-6.6.1.tgz",
      "integrity": "sha512-RaddvvMatK2LJHqFJ+YA4WysVN5Ita9E35botqIYspQ4TkRAlCicdzKOjlyv/1Za5RyTNn7di//eEV0uTAfe3g==",
      "license": "MIT",
      "dependencies": {
        "bn.js": "^4.11.9",
        "brorand": "^1.1.0",
        "hash.js": "^1.0.0",
        "hmac-drbg": "^1.0.1",
        "inherits": "^2.0.4",
        "minimalistic-assert": "^1.0.1",
        "minimalistic-crypto-utils": "^1.0.1"
      }
    },
    "node_modules/esbuild": {
      "version": "0.27.3",
      "resolved": "https://registry.npmjs.org/esbuild/-/esbuild-0.27.3.tgz",
      "integrity": "sha512-8VwMnyGCONIs6cWue2IdpHxHnAjzxnw2Zr7MkVxB2vjmQ2ivqGFb4LEG3SMnv0Gb2F/G/2yA8zUaiL1gywDCCg==",
      "dev": true,
      "hasInstallScript": true,
      "license": "MIT",
      "bin": {
        "esbuild": "bin/esbuild"
      },
      "engines": {
        "node": ">=18"
      },
      "optionalDependencies": {
        "@esbuild/aix-ppc64": "0.27.3",
        "@esbuild/android-arm": "0.27.3",
        "@esbuild/android-arm64": "0.27.3",
        "@esbuild/android-x64": "0.27.3",
        "@esbuild/darwin-arm64": "0.27.3",
        "@esbuild/darwin-x64": "0.27.3",
        "@esbuild/freebsd-arm64": "0.27.3",
        "@esbuild/freebsd-x64": "0.27.3",
        "@esbuild/linux-arm": "0.27.3",
        "@esbuild/linux-arm64": "0.27.3",
        "@esbuild/linux-ia32": "0.27.3",
        "@esbuild/linux-loong64": "0.27.3",
        "@esbuild/linux-mips64el": "0.27.3",
        "@esbuild/linux-ppc64": "0.27.3",
        "@esbuild/linux-riscv64": "0.27.3",
        "@esbuild/linux-s390x": "0.27.3",
        "@esbuild/linux-x64": "0.27.3",
        "@esbuild/netbsd-arm64": "0.27.3",
        "@esbuild/netbsd-x64": "0.27.3",
        "@esbuild/openbsd-arm64": "0.27.3",
        "@esbuild/openbsd-x64": "0.27.3",
        "@esbuild/openharmony-arm64": "0.27.3",
        "@esbuild/sunos-x64": "0.27.3",
        "@esbuild/win32-arm64": "0.27.3",
        "@esbuild/win32-ia32": "0.27.3",
        "@esbuild/win32-x64": "0.27.3"
      }
    },
    "node_modules/eventemitter3": {
      "version": "5.0.4",
      "resolved": "https://registry.npmjs.org/eventemitter3/-/eventemitter3-5.0.4.tgz",
      "integrity": "sha512-mlsTRyGaPBjPedk6Bvw+aqbsXDtoAyAzm5MO7JgU+yVRyMQ5O8bD4Kcci7BS85f93veegeCPkL8R4GLClnjLFw==",
      "license": "MIT",
      "optional": true
    },
    "node_modules/fsevents": {
      "version": "2.3.3",
      "resolved": "https://registry.npmjs.org/fsevents/-/fsevents-2.3.3.tgz",
      "integrity": "sha512-5xoDfX+fL7faATnagmWPpbFtwh/R77WmMMqqHGS65C3vvB0YHrgF+B1YmZ3441tMj5n63k0212XNoJwzlhffQw==",
      "dev": true,
      "hasInstallScript": true,
      "license": "MIT",
      "optional": true,
      "os": [
        "darwin"
      ],
      "engines": {
        "node": "^8.16.0 || ^10.6.0 || >=11.0.0"
      }
    },
    "node_modules/get-tsconfig": {
      "version": "4.13.6",
      "resolved": "https://registry.npmjs.org/get-tsconfig/-/get-tsconfig-4.13.6.tgz",
      "integrity": "sha512-shZT/QMiSHc/YBLxxOkMtgSid5HFoauqCE3/exfsEcwg1WkeqjG+V40yBbBrsD+jW2HDXcs28xOfcbm2jI8Ddw==",
      "dev": true,
      "license": "MIT",
      "dependencies": {
        "resolve-pkg-maps": "^1.0.0"
      },
      "funding": {
        "url": "https://github.com/privatenumber/get-tsconfig?sponsor=1"
      }
    },
    "node_modules/hash.js": {
      "version": "1.1.7",
      "resolved": "https://registry.npmjs.org/hash.js/-/hash.js-1.1.7.tgz",
      "integrity": "sha512-taOaskGt4z4SOANNseOviYDvjEJinIkRgmp7LbKP2YTTmVxWBl87s/uzK9r+44BclBSp2X7K1hqeNfz9JbBeXA==",
      "license": "MIT",
      "dependencies": {
        "inherits": "^2.0.3",
        "minimalistic-assert": "^1.0.1"
      }
    },
    "node_modules/hashlru": {
      "version": "2.3.0",
      "resolved": "https://registry.npmjs.org/hashlru/-/hashlru-2.3.0.tgz",
      "integrity": "sha512-0cMsjjIC8I+D3M44pOQdsy0OHXGLVz6Z0beRuufhKa0KfaD2wGwAev6jILzXsd3/vpnNQJmWyZtIILqM1N+n5A==",
      "license": "MIT",
      "optional": true
    },
    "node_modules/hmac-drbg": {
      "version": "1.0.1",
      "resolved": "https://registry.npmjs.org/hmac-drbg/-/hmac-drbg-1.0.1.tgz",
      "integrity": "sha512-Tti3gMqLdZfhOQY1Mzf/AanLiqh1WTiJgEj26ZuYQ9fbkLomzGchCws4FyrSd4VkpBfiNhaE1On+lOz894jvXg==",
      "license": "MIT",
      "dependencies": {
        "hash.js": "^1.0.3",
        "minimalistic-assert": "^1.0.0",
        "minimalistic-crypto-utils": "^1.0.1"
      }
    },
    "node_modules/ieee754": {
      "version": "1.2.1",
      "resolved": "https://registry.npmjs.org/ieee754/-/ieee754-1.2.1.tgz",
      "integrity": "sha512-dcyqhDvX1C46lXZcVqCpK+FtMRQVdIMN6/Df5js2zouUsqG7I6sFxitIC+7KYK29KdXOLHdu9zL4sFnoVQnqaA==",
      "funding": [
        {
          "type": "github",
          "url": "https://github.com/sponsors/feross"
        },
        {
          "type": "patreon",
          "url": "https://www.patreon.com/feross"
        },
        {
          "type": "consulting",
          "url": "https://feross.org/support"
        }
      ],
      "license": "BSD-3-Clause"
    },
    "node_modules/inherits": {
      "version": "2.0.4",
      "resolved": "https://registry.npmjs.org/inherits/-/inherits-2.0.4.tgz",
      "integrity": "sha512-k/vGaX4/Yla3WzyMCvTQOXYeIHvqOKtnqBduzTHpzpQZzAskKMhZ2K+EnBiSM9zGSoIFeMpXKxa4dYeZIQqewQ==",
      "license": "ISC"
    },
    "node_modules/interface-datastore": {
      "version": "9.0.2",
      "resolved": "https://registry.npmjs.org/interface-datastore/-/interface-datastore-9.0.2.tgz",
      "integrity": "sha512-jebn+GV/5LTDDoyicNIB4D9O0QszpPqT09Z/MpEWvf3RekjVKpXJCDguM5Au2fwIFxFDAQMZe5bSla0jMamCNg==",
      "license": "Apache-2.0 OR MIT",
      "optional": true,
      "dependencies": {
        "interface-store": "^7.0.0",
        "uint8arrays": "^5.1.0"
      }
    },
    "node_modules/interface-store": {
      "version": "7.0.1",
      "resolved": "https://registry.npmjs.org/interface-store/-/interface-store-7.0.1.tgz",
      "integrity": "sha512-OPRRUO3Cs6Jr/t98BrJLQp1jUTPgrRH0PqFfuNoPAqd+J7ABN1tjFVjQdaOBiybYJTS/AyBSZnZVWLPvp3dW3w==",
      "license": "Apache-2.0 OR MIT",
      "optional": true
    },
    "node_modules/ipns": {
      "version": "10.1.3",
      "resolved": "https://registry.npmjs.org/ipns/-/ipns-10.1.3.tgz",
      "integrity": "sha512-b2Zeh8+7qOV11NjnTsYLpG8K6T13uBMndpzk9N9E2Qjz/u80qsxvKpspSP32sErOLr/GWjdFVVc02E9PMojQNA==",
      "license": "Apache-2.0 OR MIT",
      "optional": true,
      "dependencies": {
        "@libp2p/crypto": "^5.0.0",
        "@libp2p/interface": "^3.0.2",
        "@libp2p/logger": "^6.0.4",
        "cborg": "^4.2.3",
        "interface-datastore": "^9.0.2",
        "multiformats": "^13.2.2",
        "protons-runtime": "^5.5.0",
        "timestamp-nano": "^1.0.1",
        "uint8arraylist": "^2.4.8",
        "uint8arrays": "^5.1.0"
      }
    },
    "node_modules/libphonenumber-js": {
      "version": "1.12.36",
      "resolved": "https://registry.npmjs.org/libphonenumber-js/-/libphonenumber-js-1.12.36.tgz",
      "integrity": "sha512-woWhKMAVx1fzzUnMCyOzglgSgf6/AFHLASdOBcchYCyvWSGWt12imw3iu2hdI5d4dGZRsNWAmWiz37sDKUPaRQ==",
      "license": "MIT"
    },
    "node_modules/main-event": {
      "version": "1.0.1",
      "resolved": "https://registry.npmjs.org/main-event/-/main-event-1.0.1.tgz",
      "integrity": "sha512-NWtdGrAca/69fm6DIVd8T9rtfDII4Q8NQbIbsKQq2VzS9eqOGYs8uaNQjcuaCq/d9H/o625aOTJX2Qoxzqw0Pw==",
      "license": "Apache-2.0 OR MIT",
      "optional": true
    },
    "node_modules/minimalistic-assert": {
      "version": "1.0.1",
      "resolved": "https://registry.npmjs.org/minimalistic-assert/-/minimalistic-assert-1.0.1.tgz",
      "integrity": "sha512-UtJcAD4yEaGtjPezWuO9wC4nwUnVH/8/Im3yEHQP4b67cXlD/Qr9hdITCU1xDbSEXg2XKNaP8jsReV7vQd00/A==",
      "license": "ISC"
    },
    "node_modules/minimalistic-crypto-utils": {
      "version": "1.0.1",
      "resolved": "https://registry.npmjs.org/minimalistic-crypto-utils/-/minimalistic-crypto-utils-1.0.1.tgz",
      "integrity": "sha512-JIYlbt6g8i5jKfJ3xz7rF0LXmv2TkDxBLUkiBeZ7bAx4GnnNMr8xFpGnOxn6GhTEHx3SjRrZEoU+j04prX1ktg==",
      "license": "MIT"
    },
    "node_modules/ms": {
      "version": "3.0.0-canary.202508261828",
      "resolved": "https://registry.npmjs.org/ms/-/ms-3.0.0-canary.202508261828.tgz",
      "integrity": "sha512-NotsCoUCIUkojWCzQff4ttdCfIPoA1UGZsyQbi7KmqkNRfKCrvga8JJi2PknHymHOuor0cJSn/ylj52Cbt2IrQ==",
      "license": "MIT",
      "optional": true,
      "engines": {
        "node": ">=18"
      }
    },
    "node_modules/multiformats": {
      "version": "13.4.2",
      "resolved": "https://registry.npmjs.org/multiformats/-/multiformats-13.4.2.tgz",
      "integrity": "sha512-eh6eHCrRi1+POZ3dA+Dq1C6jhP1GNtr9CRINMb67OKzqW9I5DUuZM/3jLPlzhgpGeiNUlEGEbkCYChXMCc/8DQ==",
      "license": "Apache-2.0 OR MIT",
      "optional": true
    },
    "node_modules/p-queue": {
      "version": "9.1.0",
      "resolved": "https://registry.npmjs.org/p-queue/-/p-queue-9.1.0.tgz",
      "integrity": "sha512-O/ZPaXuQV29uSLbxWBGGZO1mCQXV2BLIwUr59JUU9SoH76mnYvtms7aafH/isNSNGwuEfP6W/4xD0/TJXxrizw==",
      "license": "MIT",
      "optional": true,
      "dependencies": {
        "eventemitter3": "^5.0.1",
        "p-timeout": "^7.0.0"
      },
      "engines": {
        "node": ">=20"
      },
      "funding": {
        "url": "https://github.com/sponsors/sindresorhus"
      }
    },
    "node_modules/p-timeout": {
      "version": "7.0.1",
      "resolved": "https://registry.npmjs.org/p-timeout/-/p-timeout-7.0.1.tgz",
      "integrity": "sha512-AxTM2wDGORHGEkPCt8yqxOTMgpfbEHqF51f/5fJCmwFC3C/zNcGT63SymH2ttOAaiIws2zVg4+izQCjrakcwHg==",
      "license": "MIT",
      "optional": true,
      "engines": {
        "node": ">=20"
      },
      "funding": {
        "url": "https://github.com/sponsors/sindresorhus"
      }
    },
    "node_modules/progress-events": {
      "version": "1.0.1",
      "resolved": "https://registry.npmjs.org/progress-events/-/progress-events-1.0.1.tgz",
      "integrity": "sha512-MOzLIwhpt64KIVN64h1MwdKWiyKFNc/S6BoYKPIVUHFg0/eIEyBulhWCgn678v/4c0ri3FdGuzXymNCv02MUIw==",
      "license": "Apache-2.0 OR MIT",
      "optional": true
    },
    "node_modules/protons-runtime": {
      "version": "5.6.0",
      "resolved": "https://registry.npmjs.org/protons-runtime/-/protons-runtime-5.6.0.tgz",
      "integrity": "sha512-/Kde+sB9DsMFrddJT/UZWe6XqvL7SL5dbag/DBCElFKhkwDj7XKt53S+mzLyaDP5OqS0wXjV5SA572uWDaT0Hg==",
      "license": "Apache-2.0 OR MIT",
      "optional": true,
      "dependencies": {
        "uint8-varint": "^2.0.2",
        "uint8arraylist": "^2.4.3",
        "uint8arrays": "^5.0.1"
      }
    },
    "node_modules/resolve-pkg-maps": {
      "version": "1.0.0",
      "resolved": "https://registry.npmjs.org/resolve-pkg-maps/-/resolve-pkg-maps-1.0.0.tgz",
      "integrity": "sha512-seS2Tj26TBVOC2NIc2rOe2y2ZO7efxITtLZcGSOnHHNOQ7CkiUBfw0Iw2ck6xkIhPwLhKNLS8BO+hEpngQlqzw==",
      "dev": true,
      "license": "MIT",
      "funding": {
        "url": "https://github.com/privatenumber/resolve-pkg-maps?sponsor=1"
      }
    },
    "node_modules/supports-color": {
      "version": "10.2.2",
      "resolved": "https://registry.npmjs.org/supports-color/-/supports-color-10.2.2.tgz",
      "integrity": "sha512-SS+jx45GF1QjgEXQx4NJZV9ImqmO2NPz5FNsIHrsDjh2YsHnawpan7SNQ1o8NuhrbHZy9AZhIoCUiCeaW/C80g==",
      "license": "MIT",
      "optional": true,
      "engines": {
        "node": ">=18"
      },
      "funding": {
        "url": "https://github.com/chalk/supports-color?sponsor=1"
      }
    },
    "node_modules/timestamp-nano": {
      "version": "1.0.1",
      "resolved": "https://registry.npmjs.org/timestamp-nano/-/timestamp-nano-1.0.1.tgz",
      "integrity": "sha512-4oGOVZWTu5sl89PtCDnhQBSt7/vL1zVEwAfxH1p49JhTosxzVQWYBYFRFZ8nJmo0G6f824iyP/44BFAwIoKvIA==",
      "license": "MIT",
      "optional": true,
      "engines": {
        "node": ">= 4.5.0"
      }
    },
    "node_modules/tsx": {
      "version": "4.21.0",
      "resolved": "https://registry.npmjs.org/tsx/-/tsx-4.21.0.tgz",
      "integrity": "sha512-5C1sg4USs1lfG0GFb2RLXsdpXqBSEhAaA/0kPL01wxzpMqLILNxIxIOKiILz+cdg/pLnOUxFYOR5yhHU666wbw==",
      "dev": true,
      "license": "MIT",
      "dependencies": {
        "esbuild": "~0.27.0",
        "get-tsconfig": "^4.7.5"
      },
      "bin": {
        "tsx": "dist/cli.mjs"
      },
      "engines": {
        "node": ">=18.0.0"
      },
      "optionalDependencies": {
        "fsevents": "~2.3.3"
      }
    },
    "node_modules/typescript": {
      "version": "5.9.3",
      "resolved": "https://registry.npmjs.org/typescript/-/typescript-5.9.3.tgz",
      "integrity": "sha512-jl1vZzPDinLr9eUt3J/t7V6FgNEw9QjvBPdysz9KfQDD41fQrC2Y4vKQdiaUpFT4bXlb1RHhLpp8wtm6M5TgSw==",
      "dev": true,
      "license": "Apache-2.0",
      "bin": {
        "tsc": "bin/tsc",
        "tsserver": "bin/tsserver"
      },
      "engines": {
        "node": ">=14.17"
      }
    },
    "node_modules/uint8-varint": {
      "version": "2.0.4",
      "resolved": "https://registry.npmjs.org/uint8-varint/-/uint8-varint-2.0.4.tgz",
      "integrity": "sha512-FwpTa7ZGA/f/EssWAb5/YV6pHgVF1fViKdW8cWaEarjB8t7NyofSWBdOTyFPaGuUG4gx3v1O3PQ8etsiOs3lcw==",
      "license": "Apache-2.0 OR MIT",
      "optional": true,
      "dependencies": {
        "uint8arraylist": "^2.0.0",
        "uint8arrays": "^5.0.0"
      }
    },
    "node_modules/uint8arraylist": {
      "version": "2.4.8",
      "resolved": "https://registry.npmjs.org/uint8arraylist/-/uint8arraylist-2.4.8.tgz",
      "integrity": "sha512-vc1PlGOzglLF0eae1M8mLRTBivsvrGsdmJ5RbK3e+QRvRLOZfZhQROTwH/OfyF3+ZVUg9/8hE8bmKP2CvP9quQ==",
      "license": "Apache-2.0 OR MIT",
      "optional": true,
      "dependencies": {
        "uint8arrays": "^5.0.1"
      }
    },
    "node_modules/uint8arrays": {
      "version": "5.1.0",
      "resolved": "https://registry.npmjs.org/uint8arrays/-/uint8arrays-5.1.0.tgz",
      "integrity": "sha512-vA6nFepEmlSKkMBnLBaUMVvAC4G3CTmO58C12y4sq6WPDOR7mOFYOi7GlrQ4djeSbP6JG9Pv9tJDM97PedRSww==",
      "license": "Apache-2.0 OR MIT",
      "optional": true,
      "dependencies": {
        "multiformats": "^13.0.0"
      }
    },
    "node_modules/undici-types": {
      "version": "6.21.0",
      "resolved": "https://registry.npmjs.org/undici-types/-/undici-types-6.21.0.tgz",
      "integrity": "sha512-iwDZqg0QAGrg9Rav5H4n0M64c3mkR59cJ6wQp+7C4nI0gsmExaedaYLNO44eT4AtBBwjbTiGPMlt2Md0T9H9JQ==",
      "dev": true,
      "license": "MIT"
    },
    "node_modules/utf8-codec": {
      "version": "1.0.0",
      "resolved": "https://registry.npmjs.org/utf8-codec/-/utf8-codec-1.0.0.tgz",
      "integrity": "sha512-S/QSLezp3qvG4ld5PUfXiH7mCFxLKjSVZRFkB3DOjgwHuJPFDkInAXc/anf7BAbHt/D38ozDzL+QMZ6/7gsI6w==",
      "license": "MIT",
      "optional": true
    },
    "node_modules/uuid": {
      "version": "13.0.0",
      "resolved": "https://registry.npmjs.org/uuid/-/uuid-13.0.0.tgz",
      "integrity": "sha512-XQegIaBTVUjSHliKqcnFqYypAd4S+WCYt5NIeRs6w/UAry7z8Y9j5ZwRRL4kzq9U3sD6v+85er9FvkEaBpji2w==",
      "funding": [
        "https://github.com/sponsors/broofa",
        "https://github.com/sponsors/ctavan"
      ],
      "license": "MIT",
      "bin": {
        "uuid": "dist-node/bin/uuid"
      }
    },
    "node_modules/weald": {
      "version": "1.1.1",
      "resolved": "https://registry.npmjs.org/weald/-/weald-1.1.1.tgz",
      "integrity": "sha512-PaEQShzMCz8J/AD2N3dJMc1hTZWkJeLKS2NMeiVkV5KDHwgZe7qXLEzyodsT/SODxWDdXJJqocuwf3kHzcXhSQ==",
      "license": "Apache-2.0 OR MIT",
      "optional": true,
      "dependencies": {
        "ms": "^3.0.0-canary.1",
        "supports-color": "^10.0.0"
      }
    }
  }
}
