{
  "name": "scripts",
  "version": "1.0.0",
  "lockfileVersion": 3,
  "requires": true,
  "packages": {
    "": {
      "name": "scripts",
      "version": "1.0.0",
      "license": "ISC",
      "dependencies": {
        "@remotion/captions": "^4.0.445",
        "@remotion/install-whisper-cpp": "^4.0.445",
        "@remotion/openai-whisper": "^4.0.445"
      }
    },
    "node_modules/@remotion/captions": {
      "version": "4.0.445",
      "resolved": "https://registry.npmjs.org/@remotion/captions/-/captions-4.0.445.tgz",
      "integrity": "sha512-bRiHprPAmkULPl+mwrsvz1CzExEypIjL41DonJA3E1lXsxPb0LeHBxifBxzNkzEXmXICZfMPW5UhQITX8HxmXw==",
      "license": "MIT"
    },
    "node_modules/@remotion/install-whisper-cpp": {
      "version": "4.0.445",
      "resolved": "https://registry.npmjs.org/@remotion/install-whisper-cpp/-/install-whisper-cpp-4.0.445.tgz",
      "integrity": "sha512-UZKSNKNop2ijyAMoQhGPuQElYDYlUxlY/hENhJnqrhF5wF6IiTNyEavFKChcGp8YkzERaZq4JOQWkYeUWGhtvg==",
      "license": "SEE LICENSE IN LICENSE.md",
      "dependencies": {
        "@remotion/captions": "4.0.445"
      }
    },
    "node_modules/@remotion/openai-whisper": {
      "version": "4.0.445",
      "resolved": "https://registry.npmjs.org/@remotion/openai-whisper/-/openai-whisper-4.0.445.tgz",
      "integrity": "sha512-wX1/pv0pPwr5ZcgMXRlUmqRo5NwiKLDSgnsy0r1q9LpyT1ME9IU3bptq6GLL9vp40HDUCO36ZJZIGkJ2uLGPvg==",
      "license": "MIT",
      "dependencies": {
        "@remotion/captions": "4.0.445"
      }
    }
  }
}
