{
  "name": "mac-reminders-agent",
  "version": "1.1.2",
  "lockfileVersion": 3,
  "requires": true,
  "packages": {
    "": {
      "name": "mac-reminders-agent",
      "version": "1.1.2",
      "license": "CC-BY-NC-4.0",
      "os": [
        "darwin"
      ],
      "dependencies": {
        "applescript": "^1.0.0"
      },
      "engines": {
        "node": ">=18.0.0"
      }
    },
    "node_modules/applescript": {
      "version": "1.0.0",
      "resolved": "https://registry.npmjs.org/applescript/-/applescript-1.0.0.tgz",
      "integrity": "sha512-yvtNHdWvtbYEiIazXAdp/NY+BBb65/DAseqlNiJQjOx9DynuzOYDbVLBJvuc0ve0VL9x6B3OHF6eH52y9hCBtQ=="
    }
  }
}
