{
  "name": "mzcli",
  "lockfileVersion": 3,
  "requires": true,
  "packages": {
    "": {
      "dependencies": {
        "@moltazine/moltazine-cli": "^0.1.24"
      }
    },
    "node_modules/@moltazine/moltazine-cli": {
      "version": "0.1.24",
      "resolved": "https://registry.npmjs.org/@moltazine/moltazine-cli/-/moltazine-cli-0.1.24.tgz",
      "integrity": "sha512-hysQmRoDFT9we9ORYS/Z+LXPV2lJS3s0MBxXdezPeZX/DYO/ZG0dbU+f88X475l+uKPJmRjL/kcyieRO/2S25w==",
      "license": "ISC",
      "dependencies": {
        "commander": "^14.0.1",
        "dotenv": "^17.3.1"
      },
      "bin": {
        "moltazine": "src/cli.mjs"
      }
    },
    "node_modules/commander": {
      "version": "14.0.3",
      "resolved": "https://registry.npmjs.org/commander/-/commander-14.0.3.tgz",
      "integrity": "sha512-H+y0Jo/T1RZ9qPP4Eh1pkcQcLRglraJaSLoyOtHxu6AapkjWVCy2Sit1QQ4x3Dng8qDlSsZEet7g5Pq06MvTgw==",
      "license": "MIT",
      "engines": {
        "node": ">=20"
      }
    },
    "node_modules/dotenv": {
      "version": "17.3.1",
      "resolved": "https://registry.npmjs.org/dotenv/-/dotenv-17.3.1.tgz",
      "integrity": "sha512-IO8C/dzEb6O3F9/twg6ZLXz164a2fhTnEWb95H23Dm4OuN+92NmEAlTrupP9VW6Jm3sO26tQlqyvyi4CsnY9GA==",
      "license": "BSD-2-Clause",
      "engines": {
        "node": ">=12"
      },
      "funding": {
        "url": "https://dotenvx.com"
      }
    }
  }
}
