{
  "name": "time-analyzer",
  "version": "1.0.0",
  "lockfileVersion": 3,
  "requires": true,
  "packages": {
    "": {
      "name": "time-analyzer",
      "version": "1.0.0",
      "license": "MIT",
      "bin": {
        "time-analyzer": "scripts/time-analyzer.js"
      },
      "engines": {
        "node": ">=18.0.0"
      }
    }
  }
}
