{
  "name": "sam-tts-skill",
  "version": "1.0.0",
  "lockfileVersion": 3,
  "requires": true,
  "packages": {
    "": {
      "name": "sam-tts-skill",
      "version": "1.0.0",
      "license": "MIT",
      "dependencies": {
        "sam-js": "^0.3.0"
      }
    },
    "node_modules/sam-js": {
      "version": "0.3.1",
      "resolved": "https://registry.npmjs.org/sam-js/-/sam-js-0.3.1.tgz",
      "integrity": "sha512-X4GUr8Q/T8RgtjnPOssSwYDknxot69PgEAVvwsJ4kB8Lz8wytuHB6n1JqsXLmpdKGD8YR9tqKptm07jmw83eWQ==",
      "license": "SEE LICENSE IN README.md",
      "engines": {
        "node": ">= 18.0.0",
        "yarn": ">= 1.22.15"
      }
    }
  }
}
