{
  "name": "@openclaw-feishu/feishu",
  "version": "1.0.0",
  "lockfileVersion": 3,
  "requires": true,
  "packages": {
    "": {
      "name": "@openclaw-feishu/feishu",
      "version": "1.0.0",
      "dependencies": {
        "@openclaw-feishu/feishu-client": "file:../../projects/skills-dev/feishu/lib/feishu-client",
        "@openclaw-feishu/feishu-utils": "file:../../projects/skills-dev/feishu/lib/feishu-utils"
      },
      "devDependencies": {
        "@types/node": "^25.2.1",
        "typescript": "^5.7.0"
      }
    },
    "../../projects/skills-dev/feishu/lib/feishu-client": {
      "name": "@openclaw-feishu/feishu-client",
      "version": "1.0.0",
      "license": "MIT",
      "dependencies": {
        "@larksuiteoapi/node-sdk": "^1.58.0"
      },
      "devDependencies": {
        "typescript": "^5.7.0"
      }
    },
    "../../projects/skills-dev/feishu/lib/feishu-utils": {
      "name": "@openclaw-feishu/feishu-utils",
      "version": "1.0.0",
      "license": "MIT",
      "devDependencies": {
        "typescript": "^5.7.0"
      }
    },
    "node_modules/@openclaw-feishu/feishu-client": {
      "resolved": "../../projects/skills-dev/feishu/lib/feishu-client",
      "link": true
    },
    "node_modules/@openclaw-feishu/feishu-utils": {
      "resolved": "../../projects/skills-dev/feishu/lib/feishu-utils",
      "link": true
    },
    "node_modules/@types/node": {
      "version": "25.2.1",
      "resolved": "https://registry.npmjs.org/@types/node/-/node-25.2.1.tgz",
      "integrity": "sha512-CPrnr8voK8vC6eEtyRzvMpgp3VyVRhgclonE7qYi6P9sXwYb59ucfrnmFBTaP0yUi8Gk4yZg/LlTJULGxvTNsg==",
      "dev": true,
      "license": "MIT",
      "dependencies": {
        "undici-types": "~7.16.0"
      }
    },
    "node_modules/typescript": {
      "version": "5.9.3",
      "resolved": "https://registry.npmjs.org/typescript/-/typescript-5.9.3.tgz",
      "integrity": "sha512-jl1vZzPDinLr9eUt3J/t7V6FgNEw9QjvBPdysz9KfQDD41fQrC2Y4vKQdiaUpFT4bXlb1RHhLpp8wtm6M5TgSw==",
      "dev": true,
      "license": "Apache-2.0",
      "bin": {
        "tsc": "bin/tsc",
        "tsserver": "bin/tsserver"
      },
      "engines": {
        "node": ">=14.17"
      }
    },
    "node_modules/undici-types": {
      "version": "7.16.0",
      "resolved": "https://registry.npmjs.org/undici-types/-/undici-types-7.16.0.tgz",
      "integrity": "sha512-Zz+aZWSj8LE6zoxD+xrjh4VfkIG8Ya6LvYkZqtUQGJPZjYl53ypCaUwWqo7eI0x66KBGeRo+mlBEkMSeSZ38Nw==",
      "dev": true,
      "license": "MIT"
    }
  }
}
