{
  "name": "aicoin-skill",
  "version": "1.4.1",
  "lockfileVersion": 3,
  "requires": true,
  "packages": {
    "": {
      "name": "aicoin-skill",
      "version": "1.4.1",
      "optionalDependencies": {
        "ccxt": "^4"
      }
    },
    "node_modules/ccxt": {
      "version": "4.5.40",
      "resolved": "https://registry.npmjs.org/ccxt/-/ccxt-4.5.40.tgz",
      "integrity": "sha512-8nJhhNKft7+fELDNQuCV2AQZBxLJfYQaD2LpqxHrucSszosyVl0u6lCIFfcnDUbeUW925uhrsKevHf2fNbLjKw==",
      "hasInstallScript": true,
      "license": "MIT",
      "optional": true,
      "dependencies": {
        "ws": "^8.8.1"
      },
      "engines": {
        "node": ">=15.0.0"
      }
    },
    "node_modules/ws": {
      "version": "8.19.0",
      "resolved": "https://registry.npmjs.org/ws/-/ws-8.19.0.tgz",
      "integrity": "sha512-blAT2mjOEIi0ZzruJfIhb3nps74PRWTCz1IjglWEEpQl5XS/UNama6u2/rjFkDDouqr4L67ry+1aGIALViWjDg==",
      "license": "MIT",
      "optional": true,
      "engines": {
        "node": ">=10.0.0"
      },
      "peerDependencies": {
        "bufferutil": "^4.0.1",
        "utf-8-validate": ">=5.0.2"
      },
      "peerDependenciesMeta": {
        "bufferutil": {
          "optional": true
        },
        "utf-8-validate": {
          "optional": true
        }
      }
    }
  }
}
