{
  "name": "see-video",
  "lockfileVersion": 3,
  "requires": true,
  "packages": {
    "": {
      "dependencies": {
        "llm-frames": "^0.2.0"
      }
    },
    "node_modules/llm-frames": {
      "version": "0.2.2",
      "resolved": "https://registry.npmjs.org/llm-frames/-/llm-frames-0.2.2.tgz",
      "integrity": "sha512-d5We/klIcWZFHuUHsR13DJ9BHA87ca5PUHgk9lc57ba8b3T9LeFueo8JW7IaWP5KjK5DwYuXu0yu6hEMzYq0WA==",
      "license": "MIT"
    }
  }
}
