{
  "name": "airdrop-alert",
  "version": "0.1.0",
  "lockfileVersion": 3,
  "requires": true,
  "packages": {
    "": {
      "name": "airdrop-alert",
      "version": "0.1.0",
      "license": "MIT",
      "funding": {
        "type": "crypto",
        "usdc": "0xcb5173e3f5c2e32265fbbcaec8d26d49bf290e44",
        "usdt": "0x33f943e71c7b7c4e88802a68e62cca91dab65ad9"
      }
    }
  }
}
