lockfileVersion: '9.0'

settings:
  autoInstallPeers: true
  excludeLinksFromLockfile: false

importers:

  .:
    dependencies:
      '@arkade-os/boltz-swap':
        specifier: ^0.2.18
        version: 0.2.18
      '@arkade-os/sdk':
        specifier: ^0.3.12
        version: 0.3.12
    devDependencies:
      '@types/node':
        specifier: ^24.0.0
        version: 24.10.9
      prettier:
        specifier: ^3.6.0
        version: 3.8.1
      rimraf:
        specifier: ^6.0.0
        version: 6.1.2
      typescript:
        specifier: ^5.9.0
        version: 5.9.3

packages:

  '@arkade-os/boltz-swap@0.2.18':
    resolution: {integrity: sha512-AVkGjaqzo4zyPNXb2+zVzyX1fdRLjBm7CSPWhJ5UPp1/p/TZcmHkn27jmbQNZ0LpV2uLgOlnTaNWKLNReeTnMw==}
    engines: {node: '>=22'}

  '@arkade-os/sdk@0.3.12':
    resolution: {integrity: sha512-/zE8XiDo6yOCaspMcO3Gua/gLGYmYLRFbqaD1ORkaGI7hH/Gq+m0tkIwArVlwtK50loHK4jvS8clovcaV9CARg==}
    engines: {node: '>=20.0.0'}

  '@isaacs/balanced-match@4.0.1':
    resolution: {integrity: sha512-yzMTt9lEb8Gv7zRioUilSglI0c0smZ9k5D65677DLWLtWJaXIS3CqcGyUFByYKlnUj6TkjLVs54fBl6+TiGQDQ==}
    engines: {node: 20 || >=22}

  '@isaacs/brace-expansion@5.0.0':
    resolution: {integrity: sha512-ZT55BDLV0yv0RBm2czMiZ+SqCGO7AvmOM3G/w2xhVPH+te0aKgFjmBvGlL1dH+ql2tgGO3MVrbb3jCKyvpgnxA==}
    engines: {node: 20 || >=22}

  '@marcbachmann/cel-js@7.0.0':
    resolution: {integrity: sha512-sbtR8pvTAsDPiyigebwLyqweLnocmBS9MG5tTnVUL2PZ9Hc2Dj2e4tnvTcZ1s463Og9NKD59TaPvTK9CEZQhiQ==}
    engines: {node: '>=20.19.0'}

  '@noble/curves@2.0.0':
    resolution: {integrity: sha512-RiwZZeJnsTnhT+/gg2KvITJZhK5oagQrpZo+yQyd3mv3D5NAG2qEeEHpw7IkXRlpkoD45wl2o4ydHAvY9wyEfw==}
    engines: {node: '>= 20.19.0'}

  '@noble/hashes@2.0.0':
    resolution: {integrity: sha512-h8VUBlE8R42+XIDO229cgisD287im3kdY6nbNZJFjc6ZvKIXPYXe6Vc/t+kyjFdMFyt5JpapzTsEg8n63w5/lw==}
    engines: {node: '>= 20.19.0'}

  '@noble/hashes@2.0.1':
    resolution: {integrity: sha512-XlOlEbQcE9fmuXxrVTXCTlG2nlRXa9Rj3rr5Ue/+tX+nmkgbX720YHh0VR3hBF9xDvwnb8D2shVGOwNx+ulArw==}
    engines: {node: '>= 20.19.0'}

  '@noble/secp256k1@3.0.0':
    resolution: {integrity: sha512-NJBaR352KyIvj3t6sgT/+7xrNyF9Xk9QlLSIqUGVUYlsnDTAUqY8LOmwpcgEx4AMJXRITQ5XEVHD+mMaPfr3mg==}

  '@scure/base@1.1.1':
    resolution: {integrity: sha512-ZxOhsSyxYwLJj3pLZCefNitxsj093tb2vq90mp2txoYeBqbcjDjqFhyM8eUjq/uFm6zJ+mUuqxlS2FkuSY1MTA==}

  '@scure/base@2.0.0':
    resolution: {integrity: sha512-3E1kpuZginKkek01ovG8krQ0Z44E3DHPjc5S2rjJw9lZn3KSQOs8S7wqikF/AH7iRanHypj85uGyxk0XAyC37w==}

  '@scure/btc-signer@2.0.1':
    resolution: {integrity: sha512-vk5a/16BbSFZkhh1JIJ0+4H9nceZVo5WzKvJGGWiPp3sQOExeW+L53z3dI6u0adTPoE8ZbL+XEb6hEGzVZSvvQ==}

  '@types/node@24.10.9':
    resolution: {integrity: sha512-ne4A0IpG3+2ETuREInjPNhUGis1SFjv1d5asp8MzEAGtOZeTeHVDOYqOgqfhvseqg/iXty2hjBf1zAOb7RNiNw==}

  bip68@1.0.4:
    resolution: {integrity: sha512-O1htyufFTYy3EO0JkHg2CLykdXEtV2ssqw47Gq9A0WByp662xpJnMEB9m43LZjsSDjIAOozWRExlFQk2hlV1XQ==}
    engines: {node: '>=4.5.0'}

  glob@13.0.0:
    resolution: {integrity: sha512-tvZgpqk6fz4BaNZ66ZsRaZnbHvP/jG3uKJvAZOwEVUL4RTA5nJeeLYfyN9/VA8NX/V3IBG+hkeuGpKjvELkVhA==}
    engines: {node: 20 || >=22}

  light-bolt11-decoder@3.2.0:
    resolution: {integrity: sha512-3QEofgiBOP4Ehs9BI+RkZdXZNtSys0nsJ6fyGeSiAGCBsMwHGUDS/JQlY/sTnWs91A2Nh0S9XXfA8Sy9g6QpuQ==}

  lru-cache@11.2.5:
    resolution: {integrity: sha512-vFrFJkWtJvJnD5hg+hJvVE8Lh/TcMzKnTgCWmtBipwI5yLX/iX+5UB2tfuyODF5E7k9xEzMdYgGqaSb1c0c5Yw==}
    engines: {node: 20 || >=22}

  micro-packed@0.8.0:
    resolution: {integrity: sha512-AKb8znIvg9sooythbXzyFeChEY0SkW0C6iXECpy/ls0e5BtwXO45J9wD9SLzBztnS4XmF/5kwZknsq+jyynd/A==}
    engines: {node: '>= 20.19.0'}

  minimatch@10.1.1:
    resolution: {integrity: sha512-enIvLvRAFZYXJzkCYG5RKmPfrFArdLv+R+lbQ53BmIMLIry74bjKzX6iHAm8WYamJkhSSEabrWN5D97XnKObjQ==}
    engines: {node: 20 || >=22}

  minipass@7.1.2:
    resolution: {integrity: sha512-qOOzS1cBTWYF4BH8fVePDBOO9iptMnGUEZwNc/cMWnTV2nVLZ7VoNWEPHkYczZA0pdoA7dl6e7FL659nX9S2aw==}
    engines: {node: '>=16 || 14 >=14.17'}

  package-json-from-dist@1.0.1:
    resolution: {integrity: sha512-UEZIS3/by4OC8vL3P2dTXRETpebLI2NiI5vIrjaD/5UtrkFX/tNbwjTSRAGC/+7CAo2pIcBaRgWmcBBHcsaCIw==}

  path-scurry@2.0.1:
    resolution: {integrity: sha512-oWyT4gICAu+kaA7QWk/jvCHWarMKNs6pXOGWKDTr7cw4IGcUbW+PeTfbaQiLGheFRpjo6O9J0PmyMfQPjH71oA==}
    engines: {node: 20 || >=22}

  prettier@3.8.1:
    resolution: {integrity: sha512-UOnG6LftzbdaHZcKoPFtOcCKztrQ57WkHDeRD9t/PTQtmT0NHSeWWepj6pS0z/N7+08BHFDQVUrfmfMRcZwbMg==}
    engines: {node: '>=14'}
    hasBin: true

  rimraf@6.1.2:
    resolution: {integrity: sha512-cFCkPslJv7BAXJsYlK1dZsbP8/ZNLkCAQ0bi1hf5EKX2QHegmDFEFA6QhuYJlk7UDdc+02JjO80YSOrWPpw06g==}
    engines: {node: 20 || >=22}
    hasBin: true

  typescript@5.9.3:
    resolution: {integrity: sha512-jl1vZzPDinLr9eUt3J/t7V6FgNEw9QjvBPdysz9KfQDD41fQrC2Y4vKQdiaUpFT4bXlb1RHhLpp8wtm6M5TgSw==}
    engines: {node: '>=14.17'}
    hasBin: true

  undici-types@7.16.0:
    resolution: {integrity: sha512-Zz+aZWSj8LE6zoxD+xrjh4VfkIG8Ya6LvYkZqtUQGJPZjYl53ypCaUwWqo7eI0x66KBGeRo+mlBEkMSeSZ38Nw==}

snapshots:

  '@arkade-os/boltz-swap@0.2.18':
    dependencies:
      '@arkade-os/sdk': 0.3.12
      '@noble/hashes': 2.0.1
      '@scure/base': 2.0.0
      '@scure/btc-signer': 2.0.1
      bip68: 1.0.4
      light-bolt11-decoder: 3.2.0

  '@arkade-os/sdk@0.3.12':
    dependencies:
      '@marcbachmann/cel-js': 7.0.0
      '@noble/curves': 2.0.0
      '@noble/secp256k1': 3.0.0
      '@scure/base': 2.0.0
      '@scure/btc-signer': 2.0.1
      bip68: 1.0.4

  '@isaacs/balanced-match@4.0.1': {}

  '@isaacs/brace-expansion@5.0.0':
    dependencies:
      '@isaacs/balanced-match': 4.0.1

  '@marcbachmann/cel-js@7.0.0': {}

  '@noble/curves@2.0.0':
    dependencies:
      '@noble/hashes': 2.0.0

  '@noble/hashes@2.0.0': {}

  '@noble/hashes@2.0.1': {}

  '@noble/secp256k1@3.0.0': {}

  '@scure/base@1.1.1': {}

  '@scure/base@2.0.0': {}

  '@scure/btc-signer@2.0.1':
    dependencies:
      '@noble/curves': 2.0.0
      '@noble/hashes': 2.0.1
      '@scure/base': 2.0.0
      micro-packed: 0.8.0

  '@types/node@24.10.9':
    dependencies:
      undici-types: 7.16.0

  bip68@1.0.4: {}

  glob@13.0.0:
    dependencies:
      minimatch: 10.1.1
      minipass: 7.1.2
      path-scurry: 2.0.1

  light-bolt11-decoder@3.2.0:
    dependencies:
      '@scure/base': 1.1.1

  lru-cache@11.2.5: {}

  micro-packed@0.8.0:
    dependencies:
      '@scure/base': 2.0.0

  minimatch@10.1.1:
    dependencies:
      '@isaacs/brace-expansion': 5.0.0

  minipass@7.1.2: {}

  package-json-from-dist@1.0.1: {}

  path-scurry@2.0.1:
    dependencies:
      lru-cache: 11.2.5
      minipass: 7.1.2

  prettier@3.8.1: {}

  rimraf@6.1.2:
    dependencies:
      glob: 13.0.0
      package-json-from-dist: 1.0.1

  typescript@5.9.3: {}

  undici-types@7.16.0: {}
