{
  "name": "zhipu-image",
  "version": "1.0.0",
  "lockfileVersion": 3,
  "requires": true,
  "packages": {
    "": {
      "name": "zhipu-image",
      "version": "1.0.0",
      "license": "MIT",
      "dependencies": {
        "chrome-remote-interface": "^0.33.3"
      },
      "engines": {
        "node": ">=14.0.0"
      }
    },
    "node_modules/chrome-remote-interface": {
      "version": "0.33.3",
      "resolved": "https://registry.npmjs.org/chrome-remote-interface/-/chrome-remote-interface-0.33.3.tgz",
      "integrity": "sha512-NiKFG33+89sTmaV8mM8xVvVvq0mQxg4KufksShu1Jr4ZVxwQ3cZQ0cW0N5D6WQ0vJ2fQw0gA6Yl8Hf5mXjG2qA==",
      "license": "MIT"
    }
  }
}
