{
  "name": "google-ai-workaround",
  "version": "1.0.0",
  "lockfileVersion": 3,
  "requires": true,
  "packages": {
    "": {
      "name": "google-ai-workaround",
      "version": "1.0.0",
      "license": "MIT",
      "bin": {
        "google-ai-workaround": "scripts/main.js"
      },
      "engines": {
        "node": ">=16.0.0"
      }
    }
  }
}
