{
  "name": "enhanced-permissions",
  "version": "1.0.6",
  "lockfileVersion": 3,
  "requires": true,
  "packages": {
    "": {
      "name": "enhanced-permissions",
      "version": "1.0.6",
      "license": "MIT",
      "engines": {
        "node": ">=18.0.0",
        "openclaw": ">=2026.3.0"
      },
      "optionalDependencies": {
        "openviking": "^0.2.0"
      },
      "peerDependencies": {
        "zod": "^3.25.76"
      }
    },
    "node_modules/openviking": {
      "optional": true
    },
    "node_modules/zod": {
      "version": "3.25.76",
      "resolved": "https://registry.npmmirror.com/zod/-/zod-3.25.76.tgz",
      "integrity": "sha512-gzUt/qt81nXsFGKIFcC3YnfEAx5NkunCfnDlvuBSSFS02bcXu4Lmea0AFIUwbLWxWPx3d9p8S5QoaujKcNQxcQ==",
      "license": "MIT",
      "peer": true,
      "funding": {
        "url": "https://github.com/sponsors/colinhacks"
      }
    }
  }
}
