{
  "name": "aistro-scripts",
  "version": "1.0.0",
  "lockfileVersion": 3,
  "requires": true,
  "packages": {
    "": {
      "name": "aistro-scripts",
      "version": "1.0.0",
      "dependencies": {
        "circular-natal-horoscope-js": "1.1.0",
        "dayjs": "^1.11.0"
      }
    },
    "node_modules/circular-natal-horoscope-js": {
      "version": "1.1.0",
      "resolved": "https://registry.npmjs.org/circular-natal-horoscope-js/-/circular-natal-horoscope-js-1.1.0.tgz",
      "integrity": "sha512-MsOrwRa6pgDpv9tgnhB7sKhjQcWInSW0DnbF9XFnByKLFBJGHyLZOZGBS3JBDUvL1Ot+8eotqWMx9D3VxpkqxA==",
      "license": "Unlicense",
      "dependencies": {
        "moment": "^2.24.0",
        "moment-timezone": "^0.5.26",
        "tz-lookup": "^6.1.24"
      }
    },
    "node_modules/dayjs": {
      "version": "1.11.20",
      "resolved": "https://registry.npmjs.org/dayjs/-/dayjs-1.11.20.tgz",
      "integrity": "sha512-YbwwqR/uYpeoP4pu043q+LTDLFBLApUP6VxRihdfNTqu4ubqMlGDLd6ErXhEgsyvY0K6nCs7nggYumAN+9uEuQ==",
      "license": "MIT"
    },
    "node_modules/moment": {
      "version": "2.30.1",
      "resolved": "https://registry.npmjs.org/moment/-/moment-2.30.1.tgz",
      "integrity": "sha512-uEmtNhbDOrWPFS+hdjFCBfy9f2YoyzRpwcl+DqpC6taX21FzsTLQVbMV/W7PzNSX6x/bhC1zA3c2UQ5NzH6how==",
      "license": "MIT",
      "engines": {
        "node": "*"
      }
    },
    "node_modules/moment-timezone": {
      "version": "0.5.48",
      "resolved": "https://registry.npmjs.org/moment-timezone/-/moment-timezone-0.5.48.tgz",
      "integrity": "sha512-f22b8LV1gbTO2ms2j2z13MuPogNoh5UzxL3nzNAYKGraILnbGc9NEE6dyiiiLv46DGRb8A4kg8UKWLjPthxBHw==",
      "license": "MIT",
      "dependencies": {
        "moment": "^2.29.4"
      },
      "engines": {
        "node": "*"
      }
    },
    "node_modules/tz-lookup": {
      "version": "6.1.25",
      "resolved": "https://registry.npmjs.org/tz-lookup/-/tz-lookup-6.1.25.tgz",
      "integrity": "sha512-fFewT9o1uDzsW1QnUU1ValqaihFnwiUiiHr1S79/fxOzKXYYvX+EHeRnpvQJ9B3Qg67wPXT6QF2Esc4pFOrvLg==",
      "license": "CC0-1.0"
    }
  }
}
