{
  "name": "py2py3-converter",
  "version": "1.0.0",
  "lockfileVersion": 3,
  "requires": true,
  "packages": {
    "": {
      "name": "py2py3-converter",
      "version": "1.0.0",
      "license": "MIT",
      "bin": {
        "py2py3-converter": "scripts/cli.js"
      },
      "devDependencies": {}
    }
  }
}
