{
	"name": "alista-skill",
	"version": "0.1.0",
	"lockfileVersion": 3,
	"requires": true,
	"packages": {
		"": {
			"name": "alista-skill",
			"version": "0.1.0",
			"dependencies": {
				"@ai-sdk/google": "^3.0.0",
				"ai": "^6.0.1",
				"better-sqlite3": "^11.0.0",
				"date-fns": "^4.1.0",
				"date-fns-tz": "^3.2.0",
				"zod": "^3.23.0"
			},
			"devDependencies": {
				"@biomejs/biome": "^1.9.0",
				"@types/better-sqlite3": "^7.6.0",
				"@types/bun": "latest",
				"typescript": "^5.7.0"
			}
		},
		"node_modules/@ai-sdk/gateway": {
			"version": "3.0.66",
			"license": "Apache-2.0",
			"dependencies": {
				"@ai-sdk/provider": "3.0.8",
				"@ai-sdk/provider-utils": "4.0.19",
				"@vercel/oidc": "3.1.0"
			},
			"engines": {
				"node": ">=18"
			},
			"peerDependencies": {
				"zod": "^3.25.76 || ^4.1.8"
			}
		},
		"node_modules/@ai-sdk/google": {
			"version": "3.0.43",
			"license": "Apache-2.0",
			"dependencies": {
				"@ai-sdk/provider": "3.0.8",
				"@ai-sdk/provider-utils": "4.0.19"
			},
			"engines": {
				"node": ">=18"
			},
			"peerDependencies": {
				"zod": "^3.25.76 || ^4.1.8"
			}
		},
		"node_modules/@ai-sdk/provider": {
			"version": "3.0.8",
			"license": "Apache-2.0",
			"dependencies": {
				"json-schema": "^0.4.0"
			},
			"engines": {
				"node": ">=18"
			}
		},
		"node_modules/@ai-sdk/provider-utils": {
			"version": "4.0.19",
			"license": "Apache-2.0",
			"dependencies": {
				"@ai-sdk/provider": "3.0.8",
				"@standard-schema/spec": "^1.1.0",
				"eventsource-parser": "^3.0.6"
			},
			"engines": {
				"node": ">=18"
			},
			"peerDependencies": {
				"zod": "^3.25.76 || ^4.1.8"
			}
		},
		"node_modules/@biomejs/biome": {
			"version": "1.9.4",
			"dev": true,
			"hasInstallScript": true,
			"license": "MIT OR Apache-2.0",
			"bin": {
				"biome": "bin/biome"
			},
			"engines": {
				"node": ">=14.21.3"
			},
			"funding": {
				"type": "opencollective",
				"url": "https://opencollective.com/biome"
			},
			"optionalDependencies": {
				"@biomejs/cli-darwin-arm64": "1.9.4",
				"@biomejs/cli-darwin-x64": "1.9.4",
				"@biomejs/cli-linux-arm64": "1.9.4",
				"@biomejs/cli-linux-arm64-musl": "1.9.4",
				"@biomejs/cli-linux-x64": "1.9.4",
				"@biomejs/cli-linux-x64-musl": "1.9.4",
				"@biomejs/cli-win32-arm64": "1.9.4",
				"@biomejs/cli-win32-x64": "1.9.4"
			}
		},
		"node_modules/@biomejs/cli-linux-x64": {
			"version": "1.9.4",
			"cpu": [
				"x64"
			],
			"dev": true,
			"license": "MIT OR Apache-2.0",
			"optional": true,
			"os": [
				"linux"
			],
			"engines": {
				"node": ">=14.21.3"
			}
		},
		"node_modules/@biomejs/cli-linux-x64-musl": {
			"version": "1.9.4",
			"cpu": [
				"x64"
			],
			"dev": true,
			"license": "MIT OR Apache-2.0",
			"optional": true,
			"os": [
				"linux"
			],
			"engines": {
				"node": ">=14.21.3"
			}
		},
		"node_modules/@opentelemetry/api": {
			"version": "1.9.0",
			"license": "Apache-2.0",
			"engines": {
				"node": ">=8.0.0"
			}
		},
		"node_modules/@standard-schema/spec": {
			"version": "1.1.0",
			"license": "MIT"
		},
		"node_modules/@types/better-sqlite3": {
			"version": "7.6.13",
			"dev": true,
			"license": "MIT",
			"dependencies": {
				"@types/node": "*"
			}
		},
		"node_modules/@types/bun": {
			"version": "1.3.10",
			"resolved": "https://registry.npmjs.org/@types/bun/-/bun-1.3.10.tgz",
			"integrity": "sha512-0+rlrUrOrTSskibryHbvQkDOWRJwJZqZlxrUs1u4oOoTln8+WIXBPmAuCF35SWB2z4Zl3E84Nl/D0P7803nigQ==",
			"dev": true,
			"license": "MIT",
			"dependencies": {
				"bun-types": "1.3.10"
			}
		},
		"node_modules/@types/node": {
			"version": "25.3.5",
			"dev": true,
			"license": "MIT",
			"dependencies": {
				"undici-types": "~7.18.0"
			}
		},
		"node_modules/@vercel/oidc": {
			"version": "3.1.0",
			"license": "Apache-2.0",
			"engines": {
				"node": ">= 20"
			}
		},
		"node_modules/ai": {
			"version": "6.0.116",
			"license": "Apache-2.0",
			"dependencies": {
				"@ai-sdk/gateway": "3.0.66",
				"@ai-sdk/provider": "3.0.8",
				"@ai-sdk/provider-utils": "4.0.19",
				"@opentelemetry/api": "1.9.0"
			},
			"engines": {
				"node": ">=18"
			},
			"peerDependencies": {
				"zod": "^3.25.76 || ^4.1.8"
			}
		},
		"node_modules/base64-js": {
			"version": "1.5.1",
			"funding": [
				{
					"type": "github",
					"url": "https://github.com/sponsors/feross"
				},
				{
					"type": "patreon",
					"url": "https://www.patreon.com/feross"
				},
				{
					"type": "consulting",
					"url": "https://feross.org/support"
				}
			],
			"license": "MIT"
		},
		"node_modules/better-sqlite3": {
			"version": "11.10.0",
			"hasInstallScript": true,
			"license": "MIT",
			"dependencies": {
				"bindings": "^1.5.0",
				"prebuild-install": "^7.1.1"
			}
		},
		"node_modules/bindings": {
			"version": "1.5.0",
			"license": "MIT",
			"dependencies": {
				"file-uri-to-path": "1.0.0"
			}
		},
		"node_modules/bl": {
			"version": "4.1.0",
			"license": "MIT",
			"dependencies": {
				"buffer": "^5.5.0",
				"inherits": "^2.0.4",
				"readable-stream": "^3.4.0"
			}
		},
		"node_modules/buffer": {
			"version": "5.7.1",
			"funding": [
				{
					"type": "github",
					"url": "https://github.com/sponsors/feross"
				},
				{
					"type": "patreon",
					"url": "https://www.patreon.com/feross"
				},
				{
					"type": "consulting",
					"url": "https://feross.org/support"
				}
			],
			"license": "MIT",
			"dependencies": {
				"base64-js": "^1.3.1",
				"ieee754": "^1.1.13"
			}
		},
		"node_modules/bun-types": {
			"version": "1.3.10",
			"dev": true,
			"license": "MIT",
			"dependencies": {
				"@types/node": "*"
			}
		},
		"node_modules/chownr": {
			"version": "1.1.4",
			"license": "ISC"
		},
		"node_modules/date-fns": {
			"version": "4.1.0",
			"license": "MIT",
			"funding": {
				"type": "github",
				"url": "https://github.com/sponsors/kossnocorp"
			}
		},
		"node_modules/date-fns-tz": {
			"version": "3.2.0",
			"license": "MIT",
			"peerDependencies": {
				"date-fns": "^3.0.0 || ^4.0.0"
			}
		},
		"node_modules/decompress-response": {
			"version": "6.0.0",
			"license": "MIT",
			"dependencies": {
				"mimic-response": "^3.1.0"
			},
			"engines": {
				"node": ">=10"
			},
			"funding": {
				"url": "https://github.com/sponsors/sindresorhus"
			}
		},
		"node_modules/deep-extend": {
			"version": "0.6.0",
			"license": "MIT",
			"engines": {
				"node": ">=4.0.0"
			}
		},
		"node_modules/detect-libc": {
			"version": "2.1.2",
			"license": "Apache-2.0",
			"engines": {
				"node": ">=8"
			}
		},
		"node_modules/end-of-stream": {
			"version": "1.4.5",
			"license": "MIT",
			"dependencies": {
				"once": "^1.4.0"
			}
		},
		"node_modules/eventsource-parser": {
			"version": "3.0.6",
			"license": "MIT",
			"engines": {
				"node": ">=18.0.0"
			}
		},
		"node_modules/expand-template": {
			"version": "2.0.3",
			"license": "(MIT OR WTFPL)",
			"engines": {
				"node": ">=6"
			}
		},
		"node_modules/file-uri-to-path": {
			"version": "1.0.0",
			"license": "MIT"
		},
		"node_modules/fs-constants": {
			"version": "1.0.0",
			"license": "MIT"
		},
		"node_modules/github-from-package": {
			"version": "0.0.0",
			"license": "MIT"
		},
		"node_modules/ieee754": {
			"version": "1.2.1",
			"funding": [
				{
					"type": "github",
					"url": "https://github.com/sponsors/feross"
				},
				{
					"type": "patreon",
					"url": "https://www.patreon.com/feross"
				},
				{
					"type": "consulting",
					"url": "https://feross.org/support"
				}
			],
			"license": "BSD-3-Clause"
		},
		"node_modules/inherits": {
			"version": "2.0.4",
			"license": "ISC"
		},
		"node_modules/ini": {
			"version": "1.3.8",
			"license": "ISC"
		},
		"node_modules/json-schema": {
			"version": "0.4.0",
			"license": "(AFL-2.1 OR BSD-3-Clause)"
		},
		"node_modules/mimic-response": {
			"version": "3.1.0",
			"license": "MIT",
			"engines": {
				"node": ">=10"
			},
			"funding": {
				"url": "https://github.com/sponsors/sindresorhus"
			}
		},
		"node_modules/minimist": {
			"version": "1.2.8",
			"license": "MIT",
			"funding": {
				"url": "https://github.com/sponsors/ljharb"
			}
		},
		"node_modules/mkdirp-classic": {
			"version": "0.5.3",
			"license": "MIT"
		},
		"node_modules/napi-build-utils": {
			"version": "2.0.0",
			"license": "MIT"
		},
		"node_modules/node-abi": {
			"version": "3.87.0",
			"license": "MIT",
			"dependencies": {
				"semver": "^7.3.5"
			},
			"engines": {
				"node": ">=10"
			}
		},
		"node_modules/once": {
			"version": "1.4.0",
			"license": "ISC",
			"dependencies": {
				"wrappy": "1"
			}
		},
		"node_modules/prebuild-install": {
			"version": "7.1.3",
			"license": "MIT",
			"dependencies": {
				"detect-libc": "^2.0.0",
				"expand-template": "^2.0.3",
				"github-from-package": "0.0.0",
				"minimist": "^1.2.3",
				"mkdirp-classic": "^0.5.3",
				"napi-build-utils": "^2.0.0",
				"node-abi": "^3.3.0",
				"pump": "^3.0.0",
				"rc": "^1.2.7",
				"simple-get": "^4.0.0",
				"tar-fs": "^2.0.0",
				"tunnel-agent": "^0.6.0"
			},
			"bin": {
				"prebuild-install": "bin.js"
			},
			"engines": {
				"node": ">=10"
			}
		},
		"node_modules/pump": {
			"version": "3.0.4",
			"license": "MIT",
			"dependencies": {
				"end-of-stream": "^1.1.0",
				"once": "^1.3.1"
			}
		},
		"node_modules/rc": {
			"version": "1.2.8",
			"license": "(BSD-2-Clause OR MIT OR Apache-2.0)",
			"dependencies": {
				"deep-extend": "^0.6.0",
				"ini": "~1.3.0",
				"minimist": "^1.2.0",
				"strip-json-comments": "~2.0.1"
			},
			"bin": {
				"rc": "cli.js"
			}
		},
		"node_modules/readable-stream": {
			"version": "3.6.2",
			"license": "MIT",
			"dependencies": {
				"inherits": "^2.0.3",
				"string_decoder": "^1.1.1",
				"util-deprecate": "^1.0.1"
			},
			"engines": {
				"node": ">= 6"
			}
		},
		"node_modules/safe-buffer": {
			"version": "5.2.1",
			"funding": [
				{
					"type": "github",
					"url": "https://github.com/sponsors/feross"
				},
				{
					"type": "patreon",
					"url": "https://www.patreon.com/feross"
				},
				{
					"type": "consulting",
					"url": "https://feross.org/support"
				}
			],
			"license": "MIT"
		},
		"node_modules/semver": {
			"version": "7.7.4",
			"license": "ISC",
			"bin": {
				"semver": "bin/semver.js"
			},
			"engines": {
				"node": ">=10"
			}
		},
		"node_modules/simple-concat": {
			"version": "1.0.1",
			"funding": [
				{
					"type": "github",
					"url": "https://github.com/sponsors/feross"
				},
				{
					"type": "patreon",
					"url": "https://www.patreon.com/feross"
				},
				{
					"type": "consulting",
					"url": "https://feross.org/support"
				}
			],
			"license": "MIT"
		},
		"node_modules/simple-get": {
			"version": "4.0.1",
			"funding": [
				{
					"type": "github",
					"url": "https://github.com/sponsors/feross"
				},
				{
					"type": "patreon",
					"url": "https://www.patreon.com/feross"
				},
				{
					"type": "consulting",
					"url": "https://feross.org/support"
				}
			],
			"license": "MIT",
			"dependencies": {
				"decompress-response": "^6.0.0",
				"once": "^1.3.1",
				"simple-concat": "^1.0.0"
			}
		},
		"node_modules/string_decoder": {
			"version": "1.3.0",
			"license": "MIT",
			"dependencies": {
				"safe-buffer": "~5.2.0"
			}
		},
		"node_modules/strip-json-comments": {
			"version": "2.0.1",
			"license": "MIT",
			"engines": {
				"node": ">=0.10.0"
			}
		},
		"node_modules/tar-fs": {
			"version": "2.1.4",
			"license": "MIT",
			"dependencies": {
				"chownr": "^1.1.1",
				"mkdirp-classic": "^0.5.2",
				"pump": "^3.0.0",
				"tar-stream": "^2.1.4"
			}
		},
		"node_modules/tar-stream": {
			"version": "2.2.0",
			"license": "MIT",
			"dependencies": {
				"bl": "^4.0.3",
				"end-of-stream": "^1.4.1",
				"fs-constants": "^1.0.0",
				"inherits": "^2.0.3",
				"readable-stream": "^3.1.1"
			},
			"engines": {
				"node": ">=6"
			}
		},
		"node_modules/tunnel-agent": {
			"version": "0.6.0",
			"license": "Apache-2.0",
			"dependencies": {
				"safe-buffer": "^5.0.1"
			},
			"engines": {
				"node": "*"
			}
		},
		"node_modules/typescript": {
			"version": "5.9.3",
			"dev": true,
			"license": "Apache-2.0",
			"bin": {
				"tsc": "bin/tsc",
				"tsserver": "bin/tsserver"
			},
			"engines": {
				"node": ">=14.17"
			}
		},
		"node_modules/undici-types": {
			"version": "7.18.2",
			"dev": true,
			"license": "MIT"
		},
		"node_modules/util-deprecate": {
			"version": "1.0.2",
			"license": "MIT"
		},
		"node_modules/wrappy": {
			"version": "1.0.2",
			"license": "ISC"
		},
		"node_modules/zod": {
			"version": "3.25.76",
			"license": "MIT",
			"funding": {
				"url": "https://github.com/sponsors/colinhacks"
			}
		}
	}
}
