{
  "name": "openclaw-skill-py-memory-optimizer",
  "version": "1.0.0",
  "lockfileVersion": 3,
  "requires": true,
  "packages": {
    "": {
      "name": "openclaw-skill-py-memory-optimizer",
      "version": "1.0.0",
      "license": "MIT",
      "engines": {
        "node": ">=14.0.0"
      }
    }
  }
}
