{
  "name": "openclaw-skill-vestaboard",
  "version": "0.1.0",
  "lockfileVersion": 3,
  "requires": true,
  "packages": {
    "": {
      "name": "openclaw-skill-vestaboard",
      "version": "0.1.0",
      "license": "UNLICENSED",
      "dependencies": {
        "undici": "^7.3.0"
      }
    },
    "node_modules/undici": {
      "version": "7.20.0",
      "resolved": "https://registry.npmjs.org/undici/-/undici-7.20.0.tgz",
      "integrity": "sha512-MJZrkjyd7DeC+uPZh+5/YaMDxFiiEEaDgbUSVMXayofAkDWF1088CDo+2RPg7B1BuS1qf1vgNE7xqwPxE0DuSQ==",
      "license": "MIT",
      "engines": {
        "node": ">=20.18.1"
      }
    }
  }
}
