lockfileVersion: '9.0'

settings:
  autoInstallPeers: true
  excludeLinksFromLockfile: false

importers:

  .:
    dependencies:
      package-lock.json:
        specifier: ^1.0.0
        version: 1.0.0

packages:

  package-lock.json@1.0.0:
    resolution: {integrity: sha512-+yEXtNdlCs5N0Zy/9uvkifgf/RqnGu0WqP4j9Wu1Us4YReFe1YNBh2Krmf8B1xGxjpYnta63K55QP8bkafnOzA==}

snapshots:

  package-lock.json@1.0.0: {}
